
Microsoft Visual Studio Solution File, Format Version 12.00
# Visual Studio 14
VisualStudioVersion = 14.0.25420.1
MinimumVisualStudioVersion = 10.0.40219.1
Project("{FAE04EC0-301F-11D3-BF4B-00C04F79EFBC}") = "libProduccionDataBase", "libProduccionDataBase\libProduccionDataBase.csproj", "{9E5C4DE4-DBDC-4E5D-B001-767D967107A5}"
EndProject
Project("{FAE04EC0-301F-11D3-BF4B-00C04F79EFBC}") = "libBascula", "libBascula\libBascula.csproj", "{B0BC4541-F643-4306-B2C1-945192D75FF0}"
EndProject
Project("{8BC9CEB8-8B4A-11D0-8D11-00A0C91BC942}") = "SimuladorBascula", "SimuladorBascula\SimuladorBascula.vcxproj", "{C5F80730-F44F-4478-BDAE-6634EFC2CA88}"
EndProject
Project("{2150E333-8FDC-42A3-9474-1A3956D46DE8}") = "Librerias", "Librerias", "{CE1295C1-B771-459D-A6D7-F41F201F87EE}"
EndProject
Project("{2150E333-8FDC-42A3-9474-1A3956D46DE8}") = "Arduino", "Arduino", "{1847CA4D-CF18-46CF-A33E-56B8F6BB6841}"
EndProject
Project("{FAE04EC0-301F-11D3-BF4B-00C04F79EFBC}") = "libControlesPersonalizados", "libControlesPersonalizados\libControlesPersonalizados.csproj", "{1426AED9-0470-48AD-B4E7-B9A4921A7A93}"
EndProject
Project("{F184B08F-C81C-45F6-A57F-5ABD9991F28F}") = "CapturaTabla", "..\..\Dropbox\PROYECTOS EXCEL\Control Pedidos y Produccion v4\EstacionesPesaje\CapturaTabla\CapturaTabla.vbproj", "{FFEC507A-2F51-4498-A5B6-0AB65BAD0656}"
EndProject
Project("{FAE04EC0-301F-11D3-BF4B-00C04F79EFBC}") = "restoreWorksBooks", "restoreWorksBooks\restoreWorksBooks.csproj", "{67F87F7E-696D-496A-ADC9-27BC12FE3E39}"
EndProject
Project("{F184B08F-C81C-45F6-A57F-5ABD9991F28F}") = "libReportsOTS", "..\..\Dropbox\PROYECTOS EXCEL\Control Pedidos y Produccion v4\EstacionesPesaje\libReportsOTS\libReportsOTS.vbproj", "{C8D24004-87FF-4D73-985F-60C0A8B98369}"
EndProject
Project("{F184B08F-C81C-45F6-A57F-5ABD9991F28F}") = "OTSViewerAddIn", "..\..\Dropbox\PROYECTOS EXCEL\Control Pedidos y Produccion v4\EstacionesPesaje\OTS\OTS\OTSViewerAddIn.vbproj", "{8B29688A-5556-48DE-B485-B367B73B9A99}"
EndProject
Project("{2150E333-8FDC-42A3-9474-1A3956D46DE8}") = "EstacionPesaje", "EstacionPesaje", "{3DFB8EDB-9AF7-4D87-BE84-8626368FE574}"
EndProject
Project("{FAE04EC0-301F-11D3-BF4B-00C04F79EFBC}") = "TRYINTELISISSELECTCTL", "..\..\Dropbox\PROYECTOS EXCEL\Control Pedidos y Produccion v4\EstacionesPesaje\TRYINTELISISSELECTCTL\TRYINTELISISSELECTCTL.csproj", "{C8FE1B42-17D1-49C4-A160-93CAE370C5E2}"
EndProject
Project("{FAE04EC0-301F-11D3-BF4B-00C04F79EFBC}") = "EstacionesPesaje", "EstacionPesaje\EstacionesPesaje.csproj", "{397602AE-7A30-475F-8C0D-48B45157D274}"
	ProjectSection(ProjectDependencies) = postProject
		{C8A59BA2-54DA-4B43-A03F-07BC58EFE781} = {C8A59BA2-54DA-4B43-A03F-07BC58EFE781}
		{1426AED9-0470-48AD-B4E7-B9A4921A7A93} = {1426AED9-0470-48AD-B4E7-B9A4921A7A93}
	EndProjectSection
EndProject
Project("{FAE04EC0-301F-11D3-BF4B-00C04F79EFBC}") = "libControlesCapturaOrdenes", "libControlesCapturaOrdenes\libControlesCapturaOrdenes.csproj", "{B47F6829-EC2D-4B99-A39A-C2C6043BB005}"
EndProject
Project("{FAE04EC0-301F-11D3-BF4B-00C04F79EFBC}") = "ContabilidadIntelisisRep_AddIn", "ContabilidadIntelisisRep_AddIn\ContabilidadIntelisisRep_AddIn.csproj", "{DE5F3135-887C-4B67-B6BD-481CE74918CE}"
EndProject
Project("{FAE04EC0-301F-11D3-BF4B-00C04F79EFBC}") = "libEmbarquesNCuatro", "libEmbarquesNCuatro\libEmbarquesNCuatro.csproj", "{C8A59BA2-54DA-4B43-A03F-07BC58EFE781}"
EndProject
Project("{FAE04EC0-301F-11D3-BF4B-00C04F79EFBC}") = "ExploradorIntelisis", "..\..\Dropbox\PROYECTOS EXCEL\Control Pedidos y Produccion v4\EstacionesPesaje\ExploradorIntelisis\ExploradorIntelisis.csproj", "{DAC1147C-34B0-42E3-A286-464F73B81153}"
EndProject
Project("{FAE04EC0-301F-11D3-BF4B-00C04F79EFBC}") = "try", "try\try.csproj", "{FA8EDEFD-DAB9-4906-B2CF-7AB01D9A4C07}"
EndProject
Global
	GlobalSection(SolutionConfigurationPlatforms) = preSolution
		Debug|Any CPU = Debug|Any CPU
		Debug|x86 = Debug|x86
		Release|Any CPU = Release|Any CPU
		Release|x86 = Release|x86
	EndGlobalSection
	GlobalSection(ProjectConfigurationPlatforms) = postSolution
		{9E5C4DE4-DBDC-4E5D-B001-767D967107A5}.Debug|Any CPU.ActiveCfg = Debug|Any CPU
		{9E5C4DE4-DBDC-4E5D-B001-767D967107A5}.Debug|Any CPU.Build.0 = Debug|Any CPU
		{9E5C4DE4-DBDC-4E5D-B001-767D967107A5}.Debug|x86.ActiveCfg = Debug|Any CPU
		{9E5C4DE4-DBDC-4E5D-B001-767D967107A5}.Debug|x86.Build.0 = Debug|Any CPU
		{9E5C4DE4-DBDC-4E5D-B001-767D967107A5}.Release|Any CPU.ActiveCfg = Release|Any CPU
		{9E5C4DE4-DBDC-4E5D-B001-767D967107A5}.Release|Any CPU.Build.0 = Release|Any CPU
		{9E5C4DE4-DBDC-4E5D-B001-767D967107A5}.Release|x86.ActiveCfg = Release|Any CPU
		{9E5C4DE4-DBDC-4E5D-B001-767D967107A5}.Release|x86.Build.0 = Release|Any CPU
		{B0BC4541-F643-4306-B2C1-945192D75FF0}.Debug|Any CPU.ActiveCfg = Debug|Any CPU
		{B0BC4541-F643-4306-B2C1-945192D75FF0}.Debug|Any CPU.Build.0 = Debug|Any CPU
		{B0BC4541-F643-4306-B2C1-945192D75FF0}.Debug|x86.ActiveCfg = Debug|Any CPU
		{B0BC4541-F643-4306-B2C1-945192D75FF0}.Debug|x86.Build.0 = Debug|Any CPU
		{B0BC4541-F643-4306-B2C1-945192D75FF0}.Release|Any CPU.ActiveCfg = Release|Any CPU
		{B0BC4541-F643-4306-B2C1-945192D75FF0}.Release|Any CPU.Build.0 = Release|Any CPU
		{B0BC4541-F643-4306-B2C1-945192D75FF0}.Release|x86.ActiveCfg = Release|Any CPU
		{B0BC4541-F643-4306-B2C1-945192D75FF0}.Release|x86.Build.0 = Release|Any CPU
		{C5F80730-F44F-4478-BDAE-6634EFC2CA88}.Debug|Any CPU.ActiveCfg = Debug|Win32
		{C5F80730-F44F-4478-BDAE-6634EFC2CA88}.Debug|x86.ActiveCfg = Debug|Win32
		{C5F80730-F44F-4478-BDAE-6634EFC2CA88}.Debug|x86.Build.0 = Debug|Win32
		{C5F80730-F44F-4478-BDAE-6634EFC2CA88}.Release|Any CPU.ActiveCfg = Release|Win32
		{C5F80730-F44F-4478-BDAE-6634EFC2CA88}.Release|x86.ActiveCfg = Release|Win32
		{C5F80730-F44F-4478-BDAE-6634EFC2CA88}.Release|x86.Build.0 = Release|Win32
		{1426AED9-0470-48AD-B4E7-B9A4921A7A93}.Debug|Any CPU.ActiveCfg = Debug|Any CPU
		{1426AED9-0470-48AD-B4E7-B9A4921A7A93}.Debug|Any CPU.Build.0 = Debug|Any CPU
		{1426AED9-0470-48AD-B4E7-B9A4921A7A93}.Debug|x86.ActiveCfg = Debug|Any CPU
		{1426AED9-0470-48AD-B4E7-B9A4921A7A93}.Debug|x86.Build.0 = Debug|Any CPU
		{1426AED9-0470-48AD-B4E7-B9A4921A7A93}.Release|Any CPU.ActiveCfg = Release|Any CPU
		{1426AED9-0470-48AD-B4E7-B9A4921A7A93}.Release|Any CPU.Build.0 = Release|Any CPU
		{1426AED9-0470-48AD-B4E7-B9A4921A7A93}.Release|x86.ActiveCfg = Release|Any CPU
		{1426AED9-0470-48AD-B4E7-B9A4921A7A93}.Release|x86.Build.0 = Release|Any CPU
		{FFEC507A-2F51-4498-A5B6-0AB65BAD0656}.Debug|Any CPU.ActiveCfg = Debug|Any CPU
		{FFEC507A-2F51-4498-A5B6-0AB65BAD0656}.Debug|Any CPU.Build.0 = Debug|Any CPU
		{FFEC507A-2F51-4498-A5B6-0AB65BAD0656}.Debug|x86.ActiveCfg = Debug|Any CPU
		{FFEC507A-2F51-4498-A5B6-0AB65BAD0656}.Debug|x86.Build.0 = Debug|Any CPU
		{FFEC507A-2F51-4498-A5B6-0AB65BAD0656}.Release|Any CPU.ActiveCfg = Release|Any CPU
		{FFEC507A-2F51-4498-A5B6-0AB65BAD0656}.Release|Any CPU.Build.0 = Release|Any CPU
		{FFEC507A-2F51-4498-A5B6-0AB65BAD0656}.Release|x86.ActiveCfg = Release|Any CPU
		{FFEC507A-2F51-4498-A5B6-0AB65BAD0656}.Release|x86.Build.0 = Release|Any CPU
		{67F87F7E-696D-496A-ADC9-27BC12FE3E39}.Debug|Any CPU.ActiveCfg = Debug|Any CPU
		{67F87F7E-696D-496A-ADC9-27BC12FE3E39}.Debug|Any CPU.Build.0 = Debug|Any CPU
		{67F87F7E-696D-496A-ADC9-27BC12FE3E39}.Debug|x86.ActiveCfg = Debug|Any CPU
		{67F87F7E-696D-496A-ADC9-27BC12FE3E39}.Debug|x86.Build.0 = Debug|Any CPU
		{67F87F7E-696D-496A-ADC9-27BC12FE3E39}.Release|Any CPU.ActiveCfg = Release|Any CPU
		{67F87F7E-696D-496A-ADC9-27BC12FE3E39}.Release|Any CPU.Build.0 = Release|Any CPU
		{67F87F7E-696D-496A-ADC9-27BC12FE3E39}.Release|x86.ActiveCfg = Release|Any CPU
		{67F87F7E-696D-496A-ADC9-27BC12FE3E39}.Release|x86.Build.0 = Release|Any CPU
		{C8D24004-87FF-4D73-985F-60C0A8B98369}.Debug|Any CPU.ActiveCfg = Debug|Any CPU
		{C8D24004-87FF-4D73-985F-60C0A8B98369}.Debug|Any CPU.Build.0 = Debug|Any CPU
		{C8D24004-87FF-4D73-985F-60C0A8B98369}.Debug|x86.ActiveCfg = Debug|Any CPU
		{C8D24004-87FF-4D73-985F-60C0A8B98369}.Debug|x86.Build.0 = Debug|Any CPU
		{C8D24004-87FF-4D73-985F-60C0A8B98369}.Release|Any CPU.ActiveCfg = Release|Any CPU
		{C8D24004-87FF-4D73-985F-60C0A8B98369}.Release|Any CPU.Build.0 = Release|Any CPU
		{C8D24004-87FF-4D73-985F-60C0A8B98369}.Release|x86.ActiveCfg = Release|Any CPU
		{C8D24004-87FF-4D73-985F-60C0A8B98369}.Release|x86.Build.0 = Release|Any CPU
		{8B29688A-5556-48DE-B485-B367B73B9A99}.Debug|Any CPU.ActiveCfg = Debug|Any CPU
		{8B29688A-5556-48DE-B485-B367B73B9A99}.Debug|Any CPU.Build.0 = Debug|Any CPU
		{8B29688A-5556-48DE-B485-B367B73B9A99}.Debug|x86.ActiveCfg = Debug|Any CPU
		{8B29688A-5556-48DE-B485-B367B73B9A99}.Debug|x86.Build.0 = Debug|Any CPU
		{8B29688A-5556-48DE-B485-B367B73B9A99}.Release|Any CPU.ActiveCfg = Release|Any CPU
		{8B29688A-5556-48DE-B485-B367B73B9A99}.Release|Any CPU.Build.0 = Release|Any CPU
		{8B29688A-5556-48DE-B485-B367B73B9A99}.Release|x86.ActiveCfg = Release|Any CPU
		{8B29688A-5556-48DE-B485-B367B73B9A99}.Release|x86.Build.0 = Release|Any CPU
		{C8FE1B42-17D1-49C4-A160-93CAE370C5E2}.Debug|Any CPU.ActiveCfg = Debug|Any CPU
		{C8FE1B42-17D1-49C4-A160-93CAE370C5E2}.Debug|Any CPU.Build.0 = Debug|Any CPU
		{C8FE1B42-17D1-49C4-A160-93CAE370C5E2}.Debug|x86.ActiveCfg = Debug|Any CPU
		{C8FE1B42-17D1-49C4-A160-93CAE370C5E2}.Debug|x86.Build.0 = Debug|Any CPU
		{C8FE1B42-17D1-49C4-A160-93CAE370C5E2}.Release|Any CPU.ActiveCfg = Release|Any CPU
		{C8FE1B42-17D1-49C4-A160-93CAE370C5E2}.Release|Any CPU.Build.0 = Release|Any CPU
		{C8FE1B42-17D1-49C4-A160-93CAE370C5E2}.Release|x86.ActiveCfg = Release|Any CPU
		{C8FE1B42-17D1-49C4-A160-93CAE370C5E2}.Release|x86.Build.0 = Release|Any CPU
		{397602AE-7A30-475F-8C0D-48B45157D274}.Debug|Any CPU.ActiveCfg = Debug|Any CPU
		{397602AE-7A30-475F-8C0D-48B45157D274}.Debug|Any CPU.Build.0 = Debug|Any CPU
		{397602AE-7A30-475F-8C0D-48B45157D274}.Debug|x86.ActiveCfg = Debug|Any CPU
		{397602AE-7A30-475F-8C0D-48B45157D274}.Debug|x86.Build.0 = Debug|Any CPU
		{397602AE-7A30-475F-8C0D-48B45157D274}.Release|Any CPU.ActiveCfg = Release|Any CPU
		{397602AE-7A30-475F-8C0D-48B45157D274}.Release|Any CPU.Build.0 = Release|Any CPU
		{397602AE-7A30-475F-8C0D-48B45157D274}.Release|x86.ActiveCfg = Release|Any CPU
		{397602AE-7A30-475F-8C0D-48B45157D274}.Release|x86.Build.0 = Release|Any CPU
		{B47F6829-EC2D-4B99-A39A-C2C6043BB005}.Debug|Any CPU.ActiveCfg = Debug|Any CPU
		{B47F6829-EC2D-4B99-A39A-C2C6043BB005}.Debug|Any CPU.Build.0 = Debug|Any CPU
		{B47F6829-EC2D-4B99-A39A-C2C6043BB005}.Debug|x86.ActiveCfg = Debug|Any CPU
		{B47F6829-EC2D-4B99-A39A-C2C6043BB005}.Debug|x86.Build.0 = Debug|Any CPU
		{B47F6829-EC2D-4B99-A39A-C2C6043BB005}.Release|Any CPU.ActiveCfg = Release|Any CPU
		{B47F6829-EC2D-4B99-A39A-C2C6043BB005}.Release|Any CPU.Build.0 = Release|Any CPU
		{B47F6829-EC2D-4B99-A39A-C2C6043BB005}.Release|x86.ActiveCfg = Release|Any CPU
		{B47F6829-EC2D-4B99-A39A-C2C6043BB005}.Release|x86.Build.0 = Release|Any CPU
		{DE5F3135-887C-4B67-B6BD-481CE74918CE}.Debug|Any CPU.ActiveCfg = Debug|Any CPU
		{DE5F3135-887C-4B67-B6BD-481CE74918CE}.Debug|Any CPU.Build.0 = Debug|Any CPU
		{DE5F3135-887C-4B67-B6BD-481CE74918CE}.Debug|x86.ActiveCfg = Debug|Any CPU
		{DE5F3135-887C-4B67-B6BD-481CE74918CE}.Debug|x86.Build.0 = Debug|Any CPU
		{DE5F3135-887C-4B67-B6BD-481CE74918CE}.Release|Any CPU.ActiveCfg = Release|Any CPU
		{DE5F3135-887C-4B67-B6BD-481CE74918CE}.Release|Any CPU.Build.0 = Release|Any CPU
		{DE5F3135-887C-4B67-B6BD-481CE74918CE}.Release|x86.ActiveCfg = Release|Any CPU
		{DE5F3135-887C-4B67-B6BD-481CE74918CE}.Release|x86.Build.0 = Release|Any CPU
		{C8A59BA2-54DA-4B43-A03F-07BC58EFE781}.Debug|Any CPU.ActiveCfg = Debug|Any CPU
		{C8A59BA2-54DA-4B43-A03F-07BC58EFE781}.Debug|Any CPU.Build.0 = Debug|Any CPU
		{C8A59BA2-54DA-4B43-A03F-07BC58EFE781}.Debug|x86.ActiveCfg = Debug|Any CPU
		{C8A59BA2-54DA-4B43-A03F-07BC58EFE781}.Debug|x86.Build.0 = Debug|Any CPU
		{C8A59BA2-54DA-4B43-A03F-07BC58EFE781}.Release|Any CPU.ActiveCfg = Release|Any CPU
		{C8A59BA2-54DA-4B43-A03F-07BC58EFE781}.Release|Any CPU.Build.0 = Release|Any CPU
		{C8A59BA2-54DA-4B43-A03F-07BC58EFE781}.Release|x86.ActiveCfg = Release|Any CPU
		{C8A59BA2-54DA-4B43-A03F-07BC58EFE781}.Release|x86.Build.0 = Release|Any CPU
		{DAC1147C-34B0-42E3-A286-464F73B81153}.Debug|Any CPU.ActiveCfg = Debug|Any CPU
		{DAC1147C-34B0-42E3-A286-464F73B81153}.Debug|Any CPU.Build.0 = Debug|Any CPU
		{DAC1147C-34B0-42E3-A286-464F73B81153}.Debug|x86.ActiveCfg = Debug|Any CPU
		{DAC1147C-34B0-42E3-A286-464F73B81153}.Debug|x86.Build.0 = Debug|Any CPU
		{DAC1147C-34B0-42E3-A286-464F73B81153}.Release|Any CPU.ActiveCfg = Release|Any CPU
		{DAC1147C-34B0-42E3-A286-464F73B81153}.Release|Any CPU.Build.0 = Release|Any CPU
		{DAC1147C-34B0-42E3-A286-464F73B81153}.Release|x86.ActiveCfg = Release|Any CPU
		{DAC1147C-34B0-42E3-A286-464F73B81153}.Release|x86.Build.0 = Release|Any CPU
		{FA8EDEFD-DAB9-4906-B2CF-7AB01D9A4C07}.Debug|Any CPU.ActiveCfg = Debug|Any CPU
		{FA8EDEFD-DAB9-4906-B2CF-7AB01D9A4C07}.Debug|Any CPU.Build.0 = Debug|Any CPU
		{FA8EDEFD-DAB9-4906-B2CF-7AB01D9A4C07}.Debug|x86.ActiveCfg = Debug|Any CPU
		{FA8EDEFD-DAB9-4906-B2CF-7AB01D9A4C07}.Debug|x86.Build.0 = Debug|Any CPU
		{FA8EDEFD-DAB9-4906-B2CF-7AB01D9A4C07}.Release|Any CPU.ActiveCfg = Release|Any CPU
		{FA8EDEFD-DAB9-4906-B2CF-7AB01D9A4C07}.Release|Any CPU.Build.0 = Release|Any CPU
		{FA8EDEFD-DAB9-4906-B2CF-7AB01D9A4C07}.Release|x86.ActiveCfg = Release|Any CPU
		{FA8EDEFD-DAB9-4906-B2CF-7AB01D9A4C07}.Release|x86.Build.0 = Release|Any CPU
	EndGlobalSection
	GlobalSection(SolutionProperties) = preSolution
		HideSolutionNode = FALSE
	EndGlobalSection
	GlobalSection(NestedProjects) = preSolution
		{9E5C4DE4-DBDC-4E5D-B001-767D967107A5} = {CE1295C1-B771-459D-A6D7-F41F201F87EE}
		{B0BC4541-F643-4306-B2C1-945192D75FF0} = {CE1295C1-B771-459D-A6D7-F41F201F87EE}
		{C5F80730-F44F-4478-BDAE-6634EFC2CA88} = {1847CA4D-CF18-46CF-A33E-56B8F6BB6841}
		{1426AED9-0470-48AD-B4E7-B9A4921A7A93} = {CE1295C1-B771-459D-A6D7-F41F201F87EE}
		{C8D24004-87FF-4D73-985F-60C0A8B98369} = {CE1295C1-B771-459D-A6D7-F41F201F87EE}
		{C8FE1B42-17D1-49C4-A160-93CAE370C5E2} = {CE1295C1-B771-459D-A6D7-F41F201F87EE}
		{397602AE-7A30-475F-8C0D-48B45157D274} = {3DFB8EDB-9AF7-4D87-BE84-8626368FE574}
		{B47F6829-EC2D-4B99-A39A-C2C6043BB005} = {CE1295C1-B771-459D-A6D7-F41F201F87EE}
		{C8A59BA2-54DA-4B43-A03F-07BC58EFE781} = {CE1295C1-B771-459D-A6D7-F41F201F87EE}
	EndGlobalSection
EndGlobal
