
Microsoft Visual Studio Solution File, Format Version 12.00
# Visual Studio Version 16
VisualStudioVersion = 16.0.30002.166
MinimumVisualStudioVersion = 10.0.40219.1
Project("{FAE04EC0-301F-11D3-BF4B-00C04F79EFBC}") = "libProduccionDataBase", "libProduccionDataBase\libProduccionDataBase.csproj", "{9E5C4DE4-DBDC-4E5D-B001-767D967107A5}"
EndProject
Project("{FAE04EC0-301F-11D3-BF4B-00C04F79EFBC}") = "ApiConection", "ApiConection\ApiConection.csproj", "{9CE8B01D-F3EF-447D-B630-5D74A80D3CAF}"
EndProject
Project("{FAE04EC0-301F-11D3-BF4B-00C04F79EFBC}") = "CapturaOrdenesTrabajo_AddIn", "CapturaOrdenesTrabajo_AddIn\CapturaOrdenesTrabajo_AddIn.csproj", "{EBACD266-19D7-4DB9-9076-B0B3DA5DD60F}"
EndProject
Global
	GlobalSection(SolutionConfigurationPlatforms) = preSolution
		Debug|Any CPU = Debug|Any CPU
		Release|Any CPU = Release|Any CPU
	EndGlobalSection
	GlobalSection(ProjectConfigurationPlatforms) = postSolution
		{9E5C4DE4-DBDC-4E5D-B001-767D967107A5}.Debug|Any CPU.ActiveCfg = Debug|Any CPU
		{9E5C4DE4-DBDC-4E5D-B001-767D967107A5}.Debug|Any CPU.Build.0 = Debug|Any CPU
		{9E5C4DE4-DBDC-4E5D-B001-767D967107A5}.Release|Any CPU.ActiveCfg = Release|Any CPU
		{9E5C4DE4-DBDC-4E5D-B001-767D967107A5}.Release|Any CPU.Build.0 = Release|Any CPU
		{9CE8B01D-F3EF-447D-B630-5D74A80D3CAF}.Debug|Any CPU.ActiveCfg = Debug|Any CPU
		{9CE8B01D-F3EF-447D-B630-5D74A80D3CAF}.Debug|Any CPU.Build.0 = Debug|Any CPU
		{9CE8B01D-F3EF-447D-B630-5D74A80D3CAF}.Release|Any CPU.ActiveCfg = Release|Any CPU
		{9CE8B01D-F3EF-447D-B630-5D74A80D3CAF}.Release|Any CPU.Build.0 = Release|Any CPU
		{EBACD266-19D7-4DB9-9076-B0B3DA5DD60F}.Debug|Any CPU.ActiveCfg = Debug|Any CPU
		{EBACD266-19D7-4DB9-9076-B0B3DA5DD60F}.Debug|Any CPU.Build.0 = Debug|Any CPU
		{EBACD266-19D7-4DB9-9076-B0B3DA5DD60F}.Release|Any CPU.ActiveCfg = Release|Any CPU
		{EBACD266-19D7-4DB9-9076-B0B3DA5DD60F}.Release|Any CPU.Build.0 = Release|Any CPU
	EndGlobalSection
	GlobalSection(SolutionProperties) = preSolution
		HideSolutionNode = FALSE
	EndGlobalSection
	GlobalSection(ExtensibilityGlobals) = postSolution
		SolutionGuid = {6A5049CE-76E9-4524-94DE-483D81BA5CAC}
	EndGlobalSection
EndGlobal
