
Microsoft Visual Studio Solution File, Format Version 12.00
# Visual Studio 14
VisualStudioVersion = 14.0.25420.1
MinimumVisualStudioVersion = 10.0.40219.1
Project("{FAE04EC0-301F-11D3-BF4B-00C04F79EFBC}") = "libProduccionDataBase", "libProduccionDataBase\libProduccionDataBase.csproj", "{9E5C4DE4-DBDC-4E5D-B001-767D967107A5}"
EndProject
Project("{FAE04EC0-301F-11D3-BF4B-00C04F79EFBC}") = "libBascula", "libBascula\libBascula.csproj", "{B0BC4541-F643-4306-B2C1-945192D75FF0}"
EndProject
Project("{8BC9CEB8-8B4A-11D0-8D11-00A0C91BC942}") = "SimuladorBascula", "SimuladorBascula\SimuladorBascula.vcxproj", "{C5F80730-F44F-4478-BDAE-6634EFC2CA88}"
EndProject
Project("{2150E333-8FDC-42A3-9474-1A3956D46DE8}") = "Librerias", "Librerias", "{CE1295C1-B771-459D-A6D7-F41F201F87EE}"
EndProject
Project("{2150E333-8FDC-42A3-9474-1A3956D46DE8}") = "Arduino", "Arduino", "{1847CA4D-CF18-46CF-A33E-56B8F6BB6841}"
EndProject
Project("{FAE04EC0-301F-11D3-BF4B-00C04F79EFBC}") = "libControlesPersonalizados", "libControlesPersonalizados\libControlesPersonalizados.csproj", "{1426AED9-0470-48AD-B4E7-B9A4921A7A93}"
EndProject
Project("{FAE04EC0-301F-11D3-BF4B-00C04F79EFBC}") = "restoreWorksBooks", "restoreWorksBooks\restoreWorksBooks.csproj", "{67F87F7E-696D-496A-ADC9-27BC12FE3E39}"
EndProject
Project("{FAE04EC0-301F-11D3-BF4B-00C04F79EFBC}") = "EstacionesPesaje", "EstacionPesaje\EstacionesPesaje.csproj", "{397602AE-7A30-475F-8C0D-48B45157D274}"
	ProjectSection(ProjectDependencies) = postProject
		{C8A59BA2-54DA-4B43-A03F-07BC58EFE781} = {C8A59BA2-54DA-4B43-A03F-07BC58EFE781}
		{1426AED9-0470-48AD-B4E7-B9A4921A7A93} = {1426AED9-0470-48AD-B4E7-B9A4921A7A93}
	EndProjectSection
EndProject
Project("{FAE04EC0-301F-11D3-BF4B-00C04F79EFBC}") = "ContabilidadIntelisisRep_AddIn", "ContabilidadIntelisisRep_AddIn\ContabilidadIntelisisRep_AddIn.csproj", "{DE5F3135-887C-4B67-B6BD-481CE74918CE}"
EndProject
Project("{FAE04EC0-301F-11D3-BF4B-00C04F79EFBC}") = "libEmbarquesNCuatro", "libEmbarquesNCuatro\libEmbarquesNCuatro.csproj", "{C8A59BA2-54DA-4B43-A03F-07BC58EFE781}"
EndProject
Project("{FAE04EC0-301F-11D3-BF4B-00C04F79EFBC}") = "ControlResiduosPeligrosos", "ControlResiduosPeligrosos\ControlResiduosPeligrosos.csproj", "{EBC87DF2-AA45-40C7-B4AA-734D8DFD3E86}"
EndProject
Project("{2150E333-8FDC-42A3-9474-1A3956D46DE8}") = "Tools", "Tools", "{9E924DD4-346D-430E-9229-8BB49C9CCB6E}"
EndProject
Project("{FAE04EC0-301F-11D3-BF4B-00C04F79EFBC}") = "DumpMySQL", "DumpMySQL\DumpMySQL.csproj", "{9FCE76A0-9D6B-4057-B16B-83811577C5A3}"
EndProject
Project("{2150E333-8FDC-42A3-9474-1A3956D46DE8}") = "ComplementosExcel", "ComplementosExcel", "{63D86327-63D9-44B4-8C47-7FE8B8FCC254}"
EndProject
Project("{2150E333-8FDC-42A3-9474-1A3956D46DE8}") = "WindowsForms", "WindowsForms", "{C81B5B4B-0B23-4F7F-B05D-A62B529450D7}"
EndProject
Project("{2150E333-8FDC-42A3-9474-1A3956D46DE8}") = "ConsoleProjects", "ConsoleProjects", "{3465B37F-B804-40B7-B56C-D2B65CFE3FEE}"
EndProject
Project("{2150E333-8FDC-42A3-9474-1A3956D46DE8}") = "Cordova", "Cordova", "{C8B2EEEB-A44D-4AEA-B298-CB4B5870F1BF}"
EndProject
Project("{2150E333-8FDC-42A3-9474-1A3956D46DE8}") = "pruebas", "pruebas", "{35671386-9A84-40DB-90B0-55496D35EF05}"
EndProject
Project("{FAE04EC0-301F-11D3-BF4B-00C04F79EFBC}") = "Pruebas Cotizador", "Pruebas Cotizador\Pruebas Cotizador.csproj", "{A7E7A2CC-029F-4751-A4D5-644D8443D32F}"
EndProject
Project("{FAE04EC0-301F-11D3-BF4B-00C04F79EFBC}") = "InventarioControlTry", "InventarioControlTry\InventarioControlTry.csproj", "{E6EF3088-BF63-4AA1-A777-3F8215C891AB}"
EndProject
Project("{FAE04EC0-301F-11D3-BF4B-00C04F79EFBC}") = "libIntelisisReports", "libIntelisisReports\libIntelisisReports.csproj", "{8780A832-EF97-48ED-87CF-69E801E03DB7}"
EndProject
Project("{FAE04EC0-301F-11D3-BF4B-00C04F79EFBC}") = "CapturaOrdenesTrabajo_AddIn", "CapturaOrdenesTrabajo_AddIn\CapturaOrdenesTrabajo_AddIn.csproj", "{EBACD266-19D7-4DB9-9076-B0B3DA5DD60F}"
EndProject
Project("{FAE04EC0-301F-11D3-BF4B-00C04F79EFBC}") = "PruebasGral", "PruebasGral\PruebasGral.csproj", "{ADEA37A9-EAB9-47B5-9091-74AE2BAF4A6C}"
EndProject
Project("{FAE04EC0-301F-11D3-BF4B-00C04F79EFBC}") = "ControlNominasAddIn", "ControlNominasAddIn\ControlNominasAddIn.csproj", "{C38B01A4-D896-4A01-B782-E319779E9BCC}"
EndProject
Global
	GlobalSection(SolutionConfigurationPlatforms) = preSolution
		Debug|Android = Debug|Android
		Debug|Any CPU = Debug|Any CPU
		Debug|iOS = Debug|iOS
		Debug|Windows Phone (Universal) = Debug|Windows Phone (Universal)
		Debug|Windows Phone 8 = Debug|Windows Phone 8
		Debug|Windows-AnyCPU = Debug|Windows-AnyCPU
		Debug|Windows-ARM = Debug|Windows-ARM
		Debug|Windows-x64 = Debug|Windows-x64
		Debug|Windows-x86 = Debug|Windows-x86
		Debug|x86 = Debug|x86
		Release|Android = Release|Android
		Release|Any CPU = Release|Any CPU
		Release|iOS = Release|iOS
		Release|Windows Phone (Universal) = Release|Windows Phone (Universal)
		Release|Windows Phone 8 = Release|Windows Phone 8
		Release|Windows-AnyCPU = Release|Windows-AnyCPU
		Release|Windows-ARM = Release|Windows-ARM
		Release|Windows-x64 = Release|Windows-x64
		Release|Windows-x86 = Release|Windows-x86
		Release|x86 = Release|x86
	EndGlobalSection
	GlobalSection(ProjectConfigurationPlatforms) = postSolution
		{9E5C4DE4-DBDC-4E5D-B001-767D967107A5}.Debug|Android.ActiveCfg = Debug|Any CPU
		{9E5C4DE4-DBDC-4E5D-B001-767D967107A5}.Debug|Android.Build.0 = Debug|Any CPU
		{9E5C4DE4-DBDC-4E5D-B001-767D967107A5}.Debug|Any CPU.ActiveCfg = Debug|Any CPU
		{9E5C4DE4-DBDC-4E5D-B001-767D967107A5}.Debug|Any CPU.Build.0 = Debug|Any CPU
		{9E5C4DE4-DBDC-4E5D-B001-767D967107A5}.Debug|iOS.ActiveCfg = Debug|Any CPU
		{9E5C4DE4-DBDC-4E5D-B001-767D967107A5}.Debug|iOS.Build.0 = Debug|Any CPU
		{9E5C4DE4-DBDC-4E5D-B001-767D967107A5}.Debug|Windows Phone (Universal).ActiveCfg = Debug|Any CPU
		{9E5C4DE4-DBDC-4E5D-B001-767D967107A5}.Debug|Windows Phone (Universal).Build.0 = Debug|Any CPU
		{9E5C4DE4-DBDC-4E5D-B001-767D967107A5}.Debug|Windows Phone 8.ActiveCfg = Debug|Any CPU
		{9E5C4DE4-DBDC-4E5D-B001-767D967107A5}.Debug|Windows Phone 8.Build.0 = Debug|Any CPU
		{9E5C4DE4-DBDC-4E5D-B001-767D967107A5}.Debug|Windows-AnyCPU.ActiveCfg = Debug|Any CPU
		{9E5C4DE4-DBDC-4E5D-B001-767D967107A5}.Debug|Windows-AnyCPU.Build.0 = Debug|Any CPU
		{9E5C4DE4-DBDC-4E5D-B001-767D967107A5}.Debug|Windows-ARM.ActiveCfg = Debug|Any CPU
		{9E5C4DE4-DBDC-4E5D-B001-767D967107A5}.Debug|Windows-ARM.Build.0 = Debug|Any CPU
		{9E5C4DE4-DBDC-4E5D-B001-767D967107A5}.Debug|Windows-x64.ActiveCfg = Debug|Any CPU
		{9E5C4DE4-DBDC-4E5D-B001-767D967107A5}.Debug|Windows-x64.Build.0 = Debug|Any CPU
		{9E5C4DE4-DBDC-4E5D-B001-767D967107A5}.Debug|Windows-x86.ActiveCfg = Debug|Any CPU
		{9E5C4DE4-DBDC-4E5D-B001-767D967107A5}.Debug|Windows-x86.Build.0 = Debug|Any CPU
		{9E5C4DE4-DBDC-4E5D-B001-767D967107A5}.Debug|x86.ActiveCfg = Debug|Any CPU
		{9E5C4DE4-DBDC-4E5D-B001-767D967107A5}.Debug|x86.Build.0 = Debug|Any CPU
		{9E5C4DE4-DBDC-4E5D-B001-767D967107A5}.Release|Android.ActiveCfg = Release|Any CPU
		{9E5C4DE4-DBDC-4E5D-B001-767D967107A5}.Release|Android.Build.0 = Release|Any CPU
		{9E5C4DE4-DBDC-4E5D-B001-767D967107A5}.Release|Any CPU.ActiveCfg = Release|Any CPU
		{9E5C4DE4-DBDC-4E5D-B001-767D967107A5}.Release|Any CPU.Build.0 = Release|Any CPU
		{9E5C4DE4-DBDC-4E5D-B001-767D967107A5}.Release|iOS.ActiveCfg = Release|Any CPU
		{9E5C4DE4-DBDC-4E5D-B001-767D967107A5}.Release|iOS.Build.0 = Release|Any CPU
		{9E5C4DE4-DBDC-4E5D-B001-767D967107A5}.Release|Windows Phone (Universal).ActiveCfg = Release|Any CPU
		{9E5C4DE4-DBDC-4E5D-B001-767D967107A5}.Release|Windows Phone (Universal).Build.0 = Release|Any CPU
		{9E5C4DE4-DBDC-4E5D-B001-767D967107A5}.Release|Windows Phone 8.ActiveCfg = Release|Any CPU
		{9E5C4DE4-DBDC-4E5D-B001-767D967107A5}.Release|Windows Phone 8.Build.0 = Release|Any CPU
		{9E5C4DE4-DBDC-4E5D-B001-767D967107A5}.Release|Windows-AnyCPU.ActiveCfg = Release|Any CPU
		{9E5C4DE4-DBDC-4E5D-B001-767D967107A5}.Release|Windows-AnyCPU.Build.0 = Release|Any CPU
		{9E5C4DE4-DBDC-4E5D-B001-767D967107A5}.Release|Windows-ARM.ActiveCfg = Release|Any CPU
		{9E5C4DE4-DBDC-4E5D-B001-767D967107A5}.Release|Windows-ARM.Build.0 = Release|Any CPU
		{9E5C4DE4-DBDC-4E5D-B001-767D967107A5}.Release|Windows-x64.ActiveCfg = Release|Any CPU
		{9E5C4DE4-DBDC-4E5D-B001-767D967107A5}.Release|Windows-x64.Build.0 = Release|Any CPU
		{9E5C4DE4-DBDC-4E5D-B001-767D967107A5}.Release|Windows-x86.ActiveCfg = Release|Any CPU
		{9E5C4DE4-DBDC-4E5D-B001-767D967107A5}.Release|Windows-x86.Build.0 = Release|Any CPU
		{9E5C4DE4-DBDC-4E5D-B001-767D967107A5}.Release|x86.ActiveCfg = Release|Any CPU
		{9E5C4DE4-DBDC-4E5D-B001-767D967107A5}.Release|x86.Build.0 = Release|Any CPU
		{B0BC4541-F643-4306-B2C1-945192D75FF0}.Debug|Android.ActiveCfg = Debug|Any CPU
		{B0BC4541-F643-4306-B2C1-945192D75FF0}.Debug|Android.Build.0 = Debug|Any CPU
		{B0BC4541-F643-4306-B2C1-945192D75FF0}.Debug|Any CPU.ActiveCfg = Debug|Any CPU
		{B0BC4541-F643-4306-B2C1-945192D75FF0}.Debug|Any CPU.Build.0 = Debug|Any CPU
		{B0BC4541-F643-4306-B2C1-945192D75FF0}.Debug|iOS.ActiveCfg = Debug|Any CPU
		{B0BC4541-F643-4306-B2C1-945192D75FF0}.Debug|iOS.Build.0 = Debug|Any CPU
		{B0BC4541-F643-4306-B2C1-945192D75FF0}.Debug|Windows Phone (Universal).ActiveCfg = Debug|Any CPU
		{B0BC4541-F643-4306-B2C1-945192D75FF0}.Debug|Windows Phone (Universal).Build.0 = Debug|Any CPU
		{B0BC4541-F643-4306-B2C1-945192D75FF0}.Debug|Windows Phone 8.ActiveCfg = Debug|Any CPU
		{B0BC4541-F643-4306-B2C1-945192D75FF0}.Debug|Windows Phone 8.Build.0 = Debug|Any CPU
		{B0BC4541-F643-4306-B2C1-945192D75FF0}.Debug|Windows-AnyCPU.ActiveCfg = Debug|Any CPU
		{B0BC4541-F643-4306-B2C1-945192D75FF0}.Debug|Windows-AnyCPU.Build.0 = Debug|Any CPU
		{B0BC4541-F643-4306-B2C1-945192D75FF0}.Debug|Windows-ARM.ActiveCfg = Debug|Any CPU
		{B0BC4541-F643-4306-B2C1-945192D75FF0}.Debug|Windows-ARM.Build.0 = Debug|Any CPU
		{B0BC4541-F643-4306-B2C1-945192D75FF0}.Debug|Windows-x64.ActiveCfg = Debug|Any CPU
		{B0BC4541-F643-4306-B2C1-945192D75FF0}.Debug|Windows-x64.Build.0 = Debug|Any CPU
		{B0BC4541-F643-4306-B2C1-945192D75FF0}.Debug|Windows-x86.ActiveCfg = Debug|Any CPU
		{B0BC4541-F643-4306-B2C1-945192D75FF0}.Debug|Windows-x86.Build.0 = Debug|Any CPU
		{B0BC4541-F643-4306-B2C1-945192D75FF0}.Debug|x86.ActiveCfg = Debug|Any CPU
		{B0BC4541-F643-4306-B2C1-945192D75FF0}.Debug|x86.Build.0 = Debug|Any CPU
		{B0BC4541-F643-4306-B2C1-945192D75FF0}.Release|Android.ActiveCfg = Release|Any CPU
		{B0BC4541-F643-4306-B2C1-945192D75FF0}.Release|Android.Build.0 = Release|Any CPU
		{B0BC4541-F643-4306-B2C1-945192D75FF0}.Release|Any CPU.ActiveCfg = Release|Any CPU
		{B0BC4541-F643-4306-B2C1-945192D75FF0}.Release|Any CPU.Build.0 = Release|Any CPU
		{B0BC4541-F643-4306-B2C1-945192D75FF0}.Release|iOS.ActiveCfg = Release|Any CPU
		{B0BC4541-F643-4306-B2C1-945192D75FF0}.Release|iOS.Build.0 = Release|Any CPU
		{B0BC4541-F643-4306-B2C1-945192D75FF0}.Release|Windows Phone (Universal).ActiveCfg = Release|Any CPU
		{B0BC4541-F643-4306-B2C1-945192D75FF0}.Release|Windows Phone (Universal).Build.0 = Release|Any CPU
		{B0BC4541-F643-4306-B2C1-945192D75FF0}.Release|Windows Phone 8.ActiveCfg = Release|Any CPU
		{B0BC4541-F643-4306-B2C1-945192D75FF0}.Release|Windows Phone 8.Build.0 = Release|Any CPU
		{B0BC4541-F643-4306-B2C1-945192D75FF0}.Release|Windows-AnyCPU.ActiveCfg = Release|Any CPU
		{B0BC4541-F643-4306-B2C1-945192D75FF0}.Release|Windows-AnyCPU.Build.0 = Release|Any CPU
		{B0BC4541-F643-4306-B2C1-945192D75FF0}.Release|Windows-ARM.ActiveCfg = Release|Any CPU
		{B0BC4541-F643-4306-B2C1-945192D75FF0}.Release|Windows-ARM.Build.0 = Release|Any CPU
		{B0BC4541-F643-4306-B2C1-945192D75FF0}.Release|Windows-x64.ActiveCfg = Release|Any CPU
		{B0BC4541-F643-4306-B2C1-945192D75FF0}.Release|Windows-x64.Build.0 = Release|Any CPU
		{B0BC4541-F643-4306-B2C1-945192D75FF0}.Release|Windows-x86.ActiveCfg = Release|Any CPU
		{B0BC4541-F643-4306-B2C1-945192D75FF0}.Release|Windows-x86.Build.0 = Release|Any CPU
		{B0BC4541-F643-4306-B2C1-945192D75FF0}.Release|x86.ActiveCfg = Release|Any CPU
		{B0BC4541-F643-4306-B2C1-945192D75FF0}.Release|x86.Build.0 = Release|Any CPU
		{C5F80730-F44F-4478-BDAE-6634EFC2CA88}.Debug|Android.ActiveCfg = Debug|Win32
		{C5F80730-F44F-4478-BDAE-6634EFC2CA88}.Debug|Any CPU.ActiveCfg = Debug|Win32
		{C5F80730-F44F-4478-BDAE-6634EFC2CA88}.Debug|iOS.ActiveCfg = Debug|Win32
		{C5F80730-F44F-4478-BDAE-6634EFC2CA88}.Debug|Windows Phone (Universal).ActiveCfg = Debug|Win32
		{C5F80730-F44F-4478-BDAE-6634EFC2CA88}.Debug|Windows Phone 8.ActiveCfg = Debug|Win32
		{C5F80730-F44F-4478-BDAE-6634EFC2CA88}.Debug|Windows-AnyCPU.ActiveCfg = Debug|Win32
		{C5F80730-F44F-4478-BDAE-6634EFC2CA88}.Debug|Windows-ARM.ActiveCfg = Debug|Win32
		{C5F80730-F44F-4478-BDAE-6634EFC2CA88}.Debug|Windows-x64.ActiveCfg = Debug|Win32
		{C5F80730-F44F-4478-BDAE-6634EFC2CA88}.Debug|Windows-x86.ActiveCfg = Debug|Win32
		{C5F80730-F44F-4478-BDAE-6634EFC2CA88}.Debug|x86.ActiveCfg = Debug|Win32
		{C5F80730-F44F-4478-BDAE-6634EFC2CA88}.Debug|x86.Build.0 = Debug|Win32
		{C5F80730-F44F-4478-BDAE-6634EFC2CA88}.Release|Android.ActiveCfg = Release|Win32
		{C5F80730-F44F-4478-BDAE-6634EFC2CA88}.Release|Any CPU.ActiveCfg = Release|Win32
		{C5F80730-F44F-4478-BDAE-6634EFC2CA88}.Release|iOS.ActiveCfg = Release|Win32
		{C5F80730-F44F-4478-BDAE-6634EFC2CA88}.Release|Windows Phone (Universal).ActiveCfg = Release|Win32
		{C5F80730-F44F-4478-BDAE-6634EFC2CA88}.Release|Windows Phone 8.ActiveCfg = Release|Win32
		{C5F80730-F44F-4478-BDAE-6634EFC2CA88}.Release|Windows-AnyCPU.ActiveCfg = Release|Win32
		{C5F80730-F44F-4478-BDAE-6634EFC2CA88}.Release|Windows-ARM.ActiveCfg = Release|Win32
		{C5F80730-F44F-4478-BDAE-6634EFC2CA88}.Release|Windows-x64.ActiveCfg = Release|Win32
		{C5F80730-F44F-4478-BDAE-6634EFC2CA88}.Release|Windows-x86.ActiveCfg = Release|Win32
		{C5F80730-F44F-4478-BDAE-6634EFC2CA88}.Release|x86.ActiveCfg = Release|Win32
		{C5F80730-F44F-4478-BDAE-6634EFC2CA88}.Release|x86.Build.0 = Release|Win32
		{1426AED9-0470-48AD-B4E7-B9A4921A7A93}.Debug|Android.ActiveCfg = Debug|Any CPU
		{1426AED9-0470-48AD-B4E7-B9A4921A7A93}.Debug|Android.Build.0 = Debug|Any CPU
		{1426AED9-0470-48AD-B4E7-B9A4921A7A93}.Debug|Any CPU.ActiveCfg = Debug|Any CPU
		{1426AED9-0470-48AD-B4E7-B9A4921A7A93}.Debug|Any CPU.Build.0 = Debug|Any CPU
		{1426AED9-0470-48AD-B4E7-B9A4921A7A93}.Debug|iOS.ActiveCfg = Debug|Any CPU
		{1426AED9-0470-48AD-B4E7-B9A4921A7A93}.Debug|iOS.Build.0 = Debug|Any CPU
		{1426AED9-0470-48AD-B4E7-B9A4921A7A93}.Debug|Windows Phone (Universal).ActiveCfg = Debug|Any CPU
		{1426AED9-0470-48AD-B4E7-B9A4921A7A93}.Debug|Windows Phone (Universal).Build.0 = Debug|Any CPU
		{1426AED9-0470-48AD-B4E7-B9A4921A7A93}.Debug|Windows Phone 8.ActiveCfg = Debug|Any CPU
		{1426AED9-0470-48AD-B4E7-B9A4921A7A93}.Debug|Windows Phone 8.Build.0 = Debug|Any CPU
		{1426AED9-0470-48AD-B4E7-B9A4921A7A93}.Debug|Windows-AnyCPU.ActiveCfg = Debug|Any CPU
		{1426AED9-0470-48AD-B4E7-B9A4921A7A93}.Debug|Windows-AnyCPU.Build.0 = Debug|Any CPU
		{1426AED9-0470-48AD-B4E7-B9A4921A7A93}.Debug|Windows-ARM.ActiveCfg = Debug|Any CPU
		{1426AED9-0470-48AD-B4E7-B9A4921A7A93}.Debug|Windows-ARM.Build.0 = Debug|Any CPU
		{1426AED9-0470-48AD-B4E7-B9A4921A7A93}.Debug|Windows-x64.ActiveCfg = Debug|Any CPU
		{1426AED9-0470-48AD-B4E7-B9A4921A7A93}.Debug|Windows-x64.Build.0 = Debug|Any CPU
		{1426AED9-0470-48AD-B4E7-B9A4921A7A93}.Debug|Windows-x86.ActiveCfg = Debug|Any CPU
		{1426AED9-0470-48AD-B4E7-B9A4921A7A93}.Debug|Windows-x86.Build.0 = Debug|Any CPU
		{1426AED9-0470-48AD-B4E7-B9A4921A7A93}.Debug|x86.ActiveCfg = Debug|Any CPU
		{1426AED9-0470-48AD-B4E7-B9A4921A7A93}.Debug|x86.Build.0 = Debug|Any CPU
		{1426AED9-0470-48AD-B4E7-B9A4921A7A93}.Release|Android.ActiveCfg = Release|Any CPU
		{1426AED9-0470-48AD-B4E7-B9A4921A7A93}.Release|Android.Build.0 = Release|Any CPU
		{1426AED9-0470-48AD-B4E7-B9A4921A7A93}.Release|Any CPU.ActiveCfg = Release|Any CPU
		{1426AED9-0470-48AD-B4E7-B9A4921A7A93}.Release|Any CPU.Build.0 = Release|Any CPU
		{1426AED9-0470-48AD-B4E7-B9A4921A7A93}.Release|iOS.ActiveCfg = Release|Any CPU
		{1426AED9-0470-48AD-B4E7-B9A4921A7A93}.Release|iOS.Build.0 = Release|Any CPU
		{1426AED9-0470-48AD-B4E7-B9A4921A7A93}.Release|Windows Phone (Universal).ActiveCfg = Release|Any CPU
		{1426AED9-0470-48AD-B4E7-B9A4921A7A93}.Release|Windows Phone (Universal).Build.0 = Release|Any CPU
		{1426AED9-0470-48AD-B4E7-B9A4921A7A93}.Release|Windows Phone 8.ActiveCfg = Release|Any CPU
		{1426AED9-0470-48AD-B4E7-B9A4921A7A93}.Release|Windows Phone 8.Build.0 = Release|Any CPU
		{1426AED9-0470-48AD-B4E7-B9A4921A7A93}.Release|Windows-AnyCPU.ActiveCfg = Release|Any CPU
		{1426AED9-0470-48AD-B4E7-B9A4921A7A93}.Release|Windows-AnyCPU.Build.0 = Release|Any CPU
		{1426AED9-0470-48AD-B4E7-B9A4921A7A93}.Release|Windows-ARM.ActiveCfg = Release|Any CPU
		{1426AED9-0470-48AD-B4E7-B9A4921A7A93}.Release|Windows-ARM.Build.0 = Release|Any CPU
		{1426AED9-0470-48AD-B4E7-B9A4921A7A93}.Release|Windows-x64.ActiveCfg = Release|Any CPU
		{1426AED9-0470-48AD-B4E7-B9A4921A7A93}.Release|Windows-x64.Build.0 = Release|Any CPU
		{1426AED9-0470-48AD-B4E7-B9A4921A7A93}.Release|Windows-x86.ActiveCfg = Release|Any CPU
		{1426AED9-0470-48AD-B4E7-B9A4921A7A93}.Release|Windows-x86.Build.0 = Release|Any CPU
		{1426AED9-0470-48AD-B4E7-B9A4921A7A93}.Release|x86.ActiveCfg = Release|Any CPU
		{1426AED9-0470-48AD-B4E7-B9A4921A7A93}.Release|x86.Build.0 = Release|Any CPU
		{67F87F7E-696D-496A-ADC9-27BC12FE3E39}.Debug|Android.ActiveCfg = Debug|Any CPU
		{67F87F7E-696D-496A-ADC9-27BC12FE3E39}.Debug|Android.Build.0 = Debug|Any CPU
		{67F87F7E-696D-496A-ADC9-27BC12FE3E39}.Debug|Any CPU.ActiveCfg = Debug|Any CPU
		{67F87F7E-696D-496A-ADC9-27BC12FE3E39}.Debug|Any CPU.Build.0 = Debug|Any CPU
		{67F87F7E-696D-496A-ADC9-27BC12FE3E39}.Debug|iOS.ActiveCfg = Debug|Any CPU
		{67F87F7E-696D-496A-ADC9-27BC12FE3E39}.Debug|iOS.Build.0 = Debug|Any CPU
		{67F87F7E-696D-496A-ADC9-27BC12FE3E39}.Debug|Windows Phone (Universal).ActiveCfg = Debug|Any CPU
		{67F87F7E-696D-496A-ADC9-27BC12FE3E39}.Debug|Windows Phone (Universal).Build.0 = Debug|Any CPU
		{67F87F7E-696D-496A-ADC9-27BC12FE3E39}.Debug|Windows Phone 8.ActiveCfg = Debug|Any CPU
		{67F87F7E-696D-496A-ADC9-27BC12FE3E39}.Debug|Windows Phone 8.Build.0 = Debug|Any CPU
		{67F87F7E-696D-496A-ADC9-27BC12FE3E39}.Debug|Windows-AnyCPU.ActiveCfg = Debug|Any CPU
		{67F87F7E-696D-496A-ADC9-27BC12FE3E39}.Debug|Windows-AnyCPU.Build.0 = Debug|Any CPU
		{67F87F7E-696D-496A-ADC9-27BC12FE3E39}.Debug|Windows-ARM.ActiveCfg = Debug|Any CPU
		{67F87F7E-696D-496A-ADC9-27BC12FE3E39}.Debug|Windows-ARM.Build.0 = Debug|Any CPU
		{67F87F7E-696D-496A-ADC9-27BC12FE3E39}.Debug|Windows-x64.ActiveCfg = Debug|Any CPU
		{67F87F7E-696D-496A-ADC9-27BC12FE3E39}.Debug|Windows-x64.Build.0 = Debug|Any CPU
		{67F87F7E-696D-496A-ADC9-27BC12FE3E39}.Debug|Windows-x86.ActiveCfg = Debug|Any CPU
		{67F87F7E-696D-496A-ADC9-27BC12FE3E39}.Debug|Windows-x86.Build.0 = Debug|Any CPU
		{67F87F7E-696D-496A-ADC9-27BC12FE3E39}.Debug|x86.ActiveCfg = Debug|Any CPU
		{67F87F7E-696D-496A-ADC9-27BC12FE3E39}.Debug|x86.Build.0 = Debug|Any CPU
		{67F87F7E-696D-496A-ADC9-27BC12FE3E39}.Release|Android.ActiveCfg = Release|Any CPU
		{67F87F7E-696D-496A-ADC9-27BC12FE3E39}.Release|Android.Build.0 = Release|Any CPU
		{67F87F7E-696D-496A-ADC9-27BC12FE3E39}.Release|Any CPU.ActiveCfg = Release|Any CPU
		{67F87F7E-696D-496A-ADC9-27BC12FE3E39}.Release|Any CPU.Build.0 = Release|Any CPU
		{67F87F7E-696D-496A-ADC9-27BC12FE3E39}.Release|iOS.ActiveCfg = Release|Any CPU
		{67F87F7E-696D-496A-ADC9-27BC12FE3E39}.Release|iOS.Build.0 = Release|Any CPU
		{67F87F7E-696D-496A-ADC9-27BC12FE3E39}.Release|Windows Phone (Universal).ActiveCfg = Release|Any CPU
		{67F87F7E-696D-496A-ADC9-27BC12FE3E39}.Release|Windows Phone (Universal).Build.0 = Release|Any CPU
		{67F87F7E-696D-496A-ADC9-27BC12FE3E39}.Release|Windows Phone 8.ActiveCfg = Release|Any CPU
		{67F87F7E-696D-496A-ADC9-27BC12FE3E39}.Release|Windows Phone 8.Build.0 = Release|Any CPU
		{67F87F7E-696D-496A-ADC9-27BC12FE3E39}.Release|Windows-AnyCPU.ActiveCfg = Release|Any CPU
		{67F87F7E-696D-496A-ADC9-27BC12FE3E39}.Release|Windows-AnyCPU.Build.0 = Release|Any CPU
		{67F87F7E-696D-496A-ADC9-27BC12FE3E39}.Release|Windows-ARM.ActiveCfg = Release|Any CPU
		{67F87F7E-696D-496A-ADC9-27BC12FE3E39}.Release|Windows-ARM.Build.0 = Release|Any CPU
		{67F87F7E-696D-496A-ADC9-27BC12FE3E39}.Release|Windows-x64.ActiveCfg = Release|Any CPU
		{67F87F7E-696D-496A-ADC9-27BC12FE3E39}.Release|Windows-x64.Build.0 = Release|Any CPU
		{67F87F7E-696D-496A-ADC9-27BC12FE3E39}.Release|Windows-x86.ActiveCfg = Release|Any CPU
		{67F87F7E-696D-496A-ADC9-27BC12FE3E39}.Release|Windows-x86.Build.0 = Release|Any CPU
		{67F87F7E-696D-496A-ADC9-27BC12FE3E39}.Release|x86.ActiveCfg = Release|Any CPU
		{67F87F7E-696D-496A-ADC9-27BC12FE3E39}.Release|x86.Build.0 = Release|Any CPU
		{397602AE-7A30-475F-8C0D-48B45157D274}.Debug|Android.ActiveCfg = Debug|Any CPU
		{397602AE-7A30-475F-8C0D-48B45157D274}.Debug|Android.Build.0 = Debug|Any CPU
		{397602AE-7A30-475F-8C0D-48B45157D274}.Debug|Any CPU.ActiveCfg = Debug|Any CPU
		{397602AE-7A30-475F-8C0D-48B45157D274}.Debug|Any CPU.Build.0 = Debug|Any CPU
		{397602AE-7A30-475F-8C0D-48B45157D274}.Debug|iOS.ActiveCfg = Debug|Any CPU
		{397602AE-7A30-475F-8C0D-48B45157D274}.Debug|iOS.Build.0 = Debug|Any CPU
		{397602AE-7A30-475F-8C0D-48B45157D274}.Debug|Windows Phone (Universal).ActiveCfg = Debug|Any CPU
		{397602AE-7A30-475F-8C0D-48B45157D274}.Debug|Windows Phone (Universal).Build.0 = Debug|Any CPU
		{397602AE-7A30-475F-8C0D-48B45157D274}.Debug|Windows Phone 8.ActiveCfg = Debug|Any CPU
		{397602AE-7A30-475F-8C0D-48B45157D274}.Debug|Windows Phone 8.Build.0 = Debug|Any CPU
		{397602AE-7A30-475F-8C0D-48B45157D274}.Debug|Windows-AnyCPU.ActiveCfg = Debug|Any CPU
		{397602AE-7A30-475F-8C0D-48B45157D274}.Debug|Windows-AnyCPU.Build.0 = Debug|Any CPU
		{397602AE-7A30-475F-8C0D-48B45157D274}.Debug|Windows-ARM.ActiveCfg = Debug|Any CPU
		{397602AE-7A30-475F-8C0D-48B45157D274}.Debug|Windows-ARM.Build.0 = Debug|Any CPU
		{397602AE-7A30-475F-8C0D-48B45157D274}.Debug|Windows-x64.ActiveCfg = Debug|Any CPU
		{397602AE-7A30-475F-8C0D-48B45157D274}.Debug|Windows-x64.Build.0 = Debug|Any CPU
		{397602AE-7A30-475F-8C0D-48B45157D274}.Debug|Windows-x86.ActiveCfg = Debug|Any CPU
		{397602AE-7A30-475F-8C0D-48B45157D274}.Debug|Windows-x86.Build.0 = Debug|Any CPU
		{397602AE-7A30-475F-8C0D-48B45157D274}.Debug|x86.ActiveCfg = Debug|Any CPU
		{397602AE-7A30-475F-8C0D-48B45157D274}.Debug|x86.Build.0 = Debug|Any CPU
		{397602AE-7A30-475F-8C0D-48B45157D274}.Release|Android.ActiveCfg = Release|Any CPU
		{397602AE-7A30-475F-8C0D-48B45157D274}.Release|Android.Build.0 = Release|Any CPU
		{397602AE-7A30-475F-8C0D-48B45157D274}.Release|Any CPU.ActiveCfg = Release|Any CPU
		{397602AE-7A30-475F-8C0D-48B45157D274}.Release|Any CPU.Build.0 = Release|Any CPU
		{397602AE-7A30-475F-8C0D-48B45157D274}.Release|iOS.ActiveCfg = Release|Any CPU
		{397602AE-7A30-475F-8C0D-48B45157D274}.Release|iOS.Build.0 = Release|Any CPU
		{397602AE-7A30-475F-8C0D-48B45157D274}.Release|Windows Phone (Universal).ActiveCfg = Release|Any CPU
		{397602AE-7A30-475F-8C0D-48B45157D274}.Release|Windows Phone (Universal).Build.0 = Release|Any CPU
		{397602AE-7A30-475F-8C0D-48B45157D274}.Release|Windows Phone 8.ActiveCfg = Release|Any CPU
		{397602AE-7A30-475F-8C0D-48B45157D274}.Release|Windows Phone 8.Build.0 = Release|Any CPU
		{397602AE-7A30-475F-8C0D-48B45157D274}.Release|Windows-AnyCPU.ActiveCfg = Release|Any CPU
		{397602AE-7A30-475F-8C0D-48B45157D274}.Release|Windows-AnyCPU.Build.0 = Release|Any CPU
		{397602AE-7A30-475F-8C0D-48B45157D274}.Release|Windows-ARM.ActiveCfg = Release|Any CPU
		{397602AE-7A30-475F-8C0D-48B45157D274}.Release|Windows-ARM.Build.0 = Release|Any CPU
		{397602AE-7A30-475F-8C0D-48B45157D274}.Release|Windows-x64.ActiveCfg = Release|Any CPU
		{397602AE-7A30-475F-8C0D-48B45157D274}.Release|Windows-x64.Build.0 = Release|Any CPU
		{397602AE-7A30-475F-8C0D-48B45157D274}.Release|Windows-x86.ActiveCfg = Release|Any CPU
		{397602AE-7A30-475F-8C0D-48B45157D274}.Release|Windows-x86.Build.0 = Release|Any CPU
		{397602AE-7A30-475F-8C0D-48B45157D274}.Release|x86.ActiveCfg = Release|Any CPU
		{397602AE-7A30-475F-8C0D-48B45157D274}.Release|x86.Build.0 = Release|Any CPU
		{DE5F3135-887C-4B67-B6BD-481CE74918CE}.Debug|Android.ActiveCfg = Debug|Any CPU
		{DE5F3135-887C-4B67-B6BD-481CE74918CE}.Debug|Android.Build.0 = Debug|Any CPU
		{DE5F3135-887C-4B67-B6BD-481CE74918CE}.Debug|Any CPU.ActiveCfg = Debug|Any CPU
		{DE5F3135-887C-4B67-B6BD-481CE74918CE}.Debug|Any CPU.Build.0 = Debug|Any CPU
		{DE5F3135-887C-4B67-B6BD-481CE74918CE}.Debug|iOS.ActiveCfg = Debug|Any CPU
		{DE5F3135-887C-4B67-B6BD-481CE74918CE}.Debug|iOS.Build.0 = Debug|Any CPU
		{DE5F3135-887C-4B67-B6BD-481CE74918CE}.Debug|Windows Phone (Universal).ActiveCfg = Debug|Any CPU
		{DE5F3135-887C-4B67-B6BD-481CE74918CE}.Debug|Windows Phone (Universal).Build.0 = Debug|Any CPU
		{DE5F3135-887C-4B67-B6BD-481CE74918CE}.Debug|Windows Phone 8.ActiveCfg = Debug|Any CPU
		{DE5F3135-887C-4B67-B6BD-481CE74918CE}.Debug|Windows Phone 8.Build.0 = Debug|Any CPU
		{DE5F3135-887C-4B67-B6BD-481CE74918CE}.Debug|Windows-AnyCPU.ActiveCfg = Debug|Any CPU
		{DE5F3135-887C-4B67-B6BD-481CE74918CE}.Debug|Windows-AnyCPU.Build.0 = Debug|Any CPU
		{DE5F3135-887C-4B67-B6BD-481CE74918CE}.Debug|Windows-ARM.ActiveCfg = Debug|Any CPU
		{DE5F3135-887C-4B67-B6BD-481CE74918CE}.Debug|Windows-ARM.Build.0 = Debug|Any CPU
		{DE5F3135-887C-4B67-B6BD-481CE74918CE}.Debug|Windows-x64.ActiveCfg = Debug|Any CPU
		{DE5F3135-887C-4B67-B6BD-481CE74918CE}.Debug|Windows-x64.Build.0 = Debug|Any CPU
		{DE5F3135-887C-4B67-B6BD-481CE74918CE}.Debug|Windows-x86.ActiveCfg = Debug|Any CPU
		{DE5F3135-887C-4B67-B6BD-481CE74918CE}.Debug|Windows-x86.Build.0 = Debug|Any CPU
		{DE5F3135-887C-4B67-B6BD-481CE74918CE}.Debug|x86.ActiveCfg = Debug|Any CPU
		{DE5F3135-887C-4B67-B6BD-481CE74918CE}.Debug|x86.Build.0 = Debug|Any CPU
		{DE5F3135-887C-4B67-B6BD-481CE74918CE}.Release|Android.ActiveCfg = Release|Any CPU
		{DE5F3135-887C-4B67-B6BD-481CE74918CE}.Release|Android.Build.0 = Release|Any CPU
		{DE5F3135-887C-4B67-B6BD-481CE74918CE}.Release|Any CPU.ActiveCfg = Release|Any CPU
		{DE5F3135-887C-4B67-B6BD-481CE74918CE}.Release|Any CPU.Build.0 = Release|Any CPU
		{DE5F3135-887C-4B67-B6BD-481CE74918CE}.Release|iOS.ActiveCfg = Release|Any CPU
		{DE5F3135-887C-4B67-B6BD-481CE74918CE}.Release|iOS.Build.0 = Release|Any CPU
		{DE5F3135-887C-4B67-B6BD-481CE74918CE}.Release|Windows Phone (Universal).ActiveCfg = Release|Any CPU
		{DE5F3135-887C-4B67-B6BD-481CE74918CE}.Release|Windows Phone (Universal).Build.0 = Release|Any CPU
		{DE5F3135-887C-4B67-B6BD-481CE74918CE}.Release|Windows Phone 8.ActiveCfg = Release|Any CPU
		{DE5F3135-887C-4B67-B6BD-481CE74918CE}.Release|Windows Phone 8.Build.0 = Release|Any CPU
		{DE5F3135-887C-4B67-B6BD-481CE74918CE}.Release|Windows-AnyCPU.ActiveCfg = Release|Any CPU
		{DE5F3135-887C-4B67-B6BD-481CE74918CE}.Release|Windows-AnyCPU.Build.0 = Release|Any CPU
		{DE5F3135-887C-4B67-B6BD-481CE74918CE}.Release|Windows-ARM.ActiveCfg = Release|Any CPU
		{DE5F3135-887C-4B67-B6BD-481CE74918CE}.Release|Windows-ARM.Build.0 = Release|Any CPU
		{DE5F3135-887C-4B67-B6BD-481CE74918CE}.Release|Windows-x64.ActiveCfg = Release|Any CPU
		{DE5F3135-887C-4B67-B6BD-481CE74918CE}.Release|Windows-x64.Build.0 = Release|Any CPU
		{DE5F3135-887C-4B67-B6BD-481CE74918CE}.Release|Windows-x86.ActiveCfg = Release|Any CPU
		{DE5F3135-887C-4B67-B6BD-481CE74918CE}.Release|Windows-x86.Build.0 = Release|Any CPU
		{DE5F3135-887C-4B67-B6BD-481CE74918CE}.Release|x86.ActiveCfg = Release|Any CPU
		{DE5F3135-887C-4B67-B6BD-481CE74918CE}.Release|x86.Build.0 = Release|Any CPU
		{C8A59BA2-54DA-4B43-A03F-07BC58EFE781}.Debug|Android.ActiveCfg = Debug|Any CPU
		{C8A59BA2-54DA-4B43-A03F-07BC58EFE781}.Debug|Android.Build.0 = Debug|Any CPU
		{C8A59BA2-54DA-4B43-A03F-07BC58EFE781}.Debug|Any CPU.ActiveCfg = Debug|Any CPU
		{C8A59BA2-54DA-4B43-A03F-07BC58EFE781}.Debug|Any CPU.Build.0 = Debug|Any CPU
		{C8A59BA2-54DA-4B43-A03F-07BC58EFE781}.Debug|iOS.ActiveCfg = Debug|Any CPU
		{C8A59BA2-54DA-4B43-A03F-07BC58EFE781}.Debug|iOS.Build.0 = Debug|Any CPU
		{C8A59BA2-54DA-4B43-A03F-07BC58EFE781}.Debug|Windows Phone (Universal).ActiveCfg = Debug|Any CPU
		{C8A59BA2-54DA-4B43-A03F-07BC58EFE781}.Debug|Windows Phone (Universal).Build.0 = Debug|Any CPU
		{C8A59BA2-54DA-4B43-A03F-07BC58EFE781}.Debug|Windows Phone 8.ActiveCfg = Debug|Any CPU
		{C8A59BA2-54DA-4B43-A03F-07BC58EFE781}.Debug|Windows Phone 8.Build.0 = Debug|Any CPU
		{C8A59BA2-54DA-4B43-A03F-07BC58EFE781}.Debug|Windows-AnyCPU.ActiveCfg = Debug|Any CPU
		{C8A59BA2-54DA-4B43-A03F-07BC58EFE781}.Debug|Windows-AnyCPU.Build.0 = Debug|Any CPU
		{C8A59BA2-54DA-4B43-A03F-07BC58EFE781}.Debug|Windows-ARM.ActiveCfg = Debug|Any CPU
		{C8A59BA2-54DA-4B43-A03F-07BC58EFE781}.Debug|Windows-ARM.Build.0 = Debug|Any CPU
		{C8A59BA2-54DA-4B43-A03F-07BC58EFE781}.Debug|Windows-x64.ActiveCfg = Debug|Any CPU
		{C8A59BA2-54DA-4B43-A03F-07BC58EFE781}.Debug|Windows-x64.Build.0 = Debug|Any CPU
		{C8A59BA2-54DA-4B43-A03F-07BC58EFE781}.Debug|Windows-x86.ActiveCfg = Debug|Any CPU
		{C8A59BA2-54DA-4B43-A03F-07BC58EFE781}.Debug|Windows-x86.Build.0 = Debug|Any CPU
		{C8A59BA2-54DA-4B43-A03F-07BC58EFE781}.Debug|x86.ActiveCfg = Debug|Any CPU
		{C8A59BA2-54DA-4B43-A03F-07BC58EFE781}.Debug|x86.Build.0 = Debug|Any CPU
		{C8A59BA2-54DA-4B43-A03F-07BC58EFE781}.Release|Android.ActiveCfg = Release|Any CPU
		{C8A59BA2-54DA-4B43-A03F-07BC58EFE781}.Release|Android.Build.0 = Release|Any CPU
		{C8A59BA2-54DA-4B43-A03F-07BC58EFE781}.Release|Any CPU.ActiveCfg = Release|Any CPU
		{C8A59BA2-54DA-4B43-A03F-07BC58EFE781}.Release|Any CPU.Build.0 = Release|Any CPU
		{C8A59BA2-54DA-4B43-A03F-07BC58EFE781}.Release|iOS.ActiveCfg = Release|Any CPU
		{C8A59BA2-54DA-4B43-A03F-07BC58EFE781}.Release|iOS.Build.0 = Release|Any CPU
		{C8A59BA2-54DA-4B43-A03F-07BC58EFE781}.Release|Windows Phone (Universal).ActiveCfg = Release|Any CPU
		{C8A59BA2-54DA-4B43-A03F-07BC58EFE781}.Release|Windows Phone (Universal).Build.0 = Release|Any CPU
		{C8A59BA2-54DA-4B43-A03F-07BC58EFE781}.Release|Windows Phone 8.ActiveCfg = Release|Any CPU
		{C8A59BA2-54DA-4B43-A03F-07BC58EFE781}.Release|Windows Phone 8.Build.0 = Release|Any CPU
		{C8A59BA2-54DA-4B43-A03F-07BC58EFE781}.Release|Windows-AnyCPU.ActiveCfg = Release|Any CPU
		{C8A59BA2-54DA-4B43-A03F-07BC58EFE781}.Release|Windows-AnyCPU.Build.0 = Release|Any CPU
		{C8A59BA2-54DA-4B43-A03F-07BC58EFE781}.Release|Windows-ARM.ActiveCfg = Release|Any CPU
		{C8A59BA2-54DA-4B43-A03F-07BC58EFE781}.Release|Windows-ARM.Build.0 = Release|Any CPU
		{C8A59BA2-54DA-4B43-A03F-07BC58EFE781}.Release|Windows-x64.ActiveCfg = Release|Any CPU
		{C8A59BA2-54DA-4B43-A03F-07BC58EFE781}.Release|Windows-x64.Build.0 = Release|Any CPU
		{C8A59BA2-54DA-4B43-A03F-07BC58EFE781}.Release|Windows-x86.ActiveCfg = Release|Any CPU
		{C8A59BA2-54DA-4B43-A03F-07BC58EFE781}.Release|Windows-x86.Build.0 = Release|Any CPU
		{C8A59BA2-54DA-4B43-A03F-07BC58EFE781}.Release|x86.ActiveCfg = Release|Any CPU
		{C8A59BA2-54DA-4B43-A03F-07BC58EFE781}.Release|x86.Build.0 = Release|Any CPU
		{EBC87DF2-AA45-40C7-B4AA-734D8DFD3E86}.Debug|Android.ActiveCfg = Debug|Any CPU
		{EBC87DF2-AA45-40C7-B4AA-734D8DFD3E86}.Debug|Android.Build.0 = Debug|Any CPU
		{EBC87DF2-AA45-40C7-B4AA-734D8DFD3E86}.Debug|Any CPU.ActiveCfg = Debug|Any CPU
		{EBC87DF2-AA45-40C7-B4AA-734D8DFD3E86}.Debug|Any CPU.Build.0 = Debug|Any CPU
		{EBC87DF2-AA45-40C7-B4AA-734D8DFD3E86}.Debug|iOS.ActiveCfg = Debug|Any CPU
		{EBC87DF2-AA45-40C7-B4AA-734D8DFD3E86}.Debug|iOS.Build.0 = Debug|Any CPU
		{EBC87DF2-AA45-40C7-B4AA-734D8DFD3E86}.Debug|Windows Phone (Universal).ActiveCfg = Debug|Any CPU
		{EBC87DF2-AA45-40C7-B4AA-734D8DFD3E86}.Debug|Windows Phone (Universal).Build.0 = Debug|Any CPU
		{EBC87DF2-AA45-40C7-B4AA-734D8DFD3E86}.Debug|Windows Phone 8.ActiveCfg = Debug|Any CPU
		{EBC87DF2-AA45-40C7-B4AA-734D8DFD3E86}.Debug|Windows Phone 8.Build.0 = Debug|Any CPU
		{EBC87DF2-AA45-40C7-B4AA-734D8DFD3E86}.Debug|Windows-AnyCPU.ActiveCfg = Debug|Any CPU
		{EBC87DF2-AA45-40C7-B4AA-734D8DFD3E86}.Debug|Windows-AnyCPU.Build.0 = Debug|Any CPU
		{EBC87DF2-AA45-40C7-B4AA-734D8DFD3E86}.Debug|Windows-ARM.ActiveCfg = Debug|Any CPU
		{EBC87DF2-AA45-40C7-B4AA-734D8DFD3E86}.Debug|Windows-ARM.Build.0 = Debug|Any CPU
		{EBC87DF2-AA45-40C7-B4AA-734D8DFD3E86}.Debug|Windows-x64.ActiveCfg = Debug|Any CPU
		{EBC87DF2-AA45-40C7-B4AA-734D8DFD3E86}.Debug|Windows-x64.Build.0 = Debug|Any CPU
		{EBC87DF2-AA45-40C7-B4AA-734D8DFD3E86}.Debug|Windows-x86.ActiveCfg = Debug|Any CPU
		{EBC87DF2-AA45-40C7-B4AA-734D8DFD3E86}.Debug|Windows-x86.Build.0 = Debug|Any CPU
		{EBC87DF2-AA45-40C7-B4AA-734D8DFD3E86}.Debug|x86.ActiveCfg = Debug|Any CPU
		{EBC87DF2-AA45-40C7-B4AA-734D8DFD3E86}.Debug|x86.Build.0 = Debug|Any CPU
		{EBC87DF2-AA45-40C7-B4AA-734D8DFD3E86}.Release|Android.ActiveCfg = Release|Any CPU
		{EBC87DF2-AA45-40C7-B4AA-734D8DFD3E86}.Release|Android.Build.0 = Release|Any CPU
		{EBC87DF2-AA45-40C7-B4AA-734D8DFD3E86}.Release|Any CPU.ActiveCfg = Release|Any CPU
		{EBC87DF2-AA45-40C7-B4AA-734D8DFD3E86}.Release|Any CPU.Build.0 = Release|Any CPU
		{EBC87DF2-AA45-40C7-B4AA-734D8DFD3E86}.Release|iOS.ActiveCfg = Release|Any CPU
		{EBC87DF2-AA45-40C7-B4AA-734D8DFD3E86}.Release|iOS.Build.0 = Release|Any CPU
		{EBC87DF2-AA45-40C7-B4AA-734D8DFD3E86}.Release|Windows Phone (Universal).ActiveCfg = Release|Any CPU
		{EBC87DF2-AA45-40C7-B4AA-734D8DFD3E86}.Release|Windows Phone (Universal).Build.0 = Release|Any CPU
		{EBC87DF2-AA45-40C7-B4AA-734D8DFD3E86}.Release|Windows Phone 8.ActiveCfg = Release|Any CPU
		{EBC87DF2-AA45-40C7-B4AA-734D8DFD3E86}.Release|Windows Phone 8.Build.0 = Release|Any CPU
		{EBC87DF2-AA45-40C7-B4AA-734D8DFD3E86}.Release|Windows-AnyCPU.ActiveCfg = Release|Any CPU
		{EBC87DF2-AA45-40C7-B4AA-734D8DFD3E86}.Release|Windows-AnyCPU.Build.0 = Release|Any CPU
		{EBC87DF2-AA45-40C7-B4AA-734D8DFD3E86}.Release|Windows-ARM.ActiveCfg = Release|Any CPU
		{EBC87DF2-AA45-40C7-B4AA-734D8DFD3E86}.Release|Windows-ARM.Build.0 = Release|Any CPU
		{EBC87DF2-AA45-40C7-B4AA-734D8DFD3E86}.Release|Windows-x64.ActiveCfg = Release|Any CPU
		{EBC87DF2-AA45-40C7-B4AA-734D8DFD3E86}.Release|Windows-x64.Build.0 = Release|Any CPU
		{EBC87DF2-AA45-40C7-B4AA-734D8DFD3E86}.Release|Windows-x86.ActiveCfg = Release|Any CPU
		{EBC87DF2-AA45-40C7-B4AA-734D8DFD3E86}.Release|Windows-x86.Build.0 = Release|Any CPU
		{EBC87DF2-AA45-40C7-B4AA-734D8DFD3E86}.Release|x86.ActiveCfg = Release|Any CPU
		{EBC87DF2-AA45-40C7-B4AA-734D8DFD3E86}.Release|x86.Build.0 = Release|Any CPU
		{9FCE76A0-9D6B-4057-B16B-83811577C5A3}.Debug|Android.ActiveCfg = Debug|Any CPU
		{9FCE76A0-9D6B-4057-B16B-83811577C5A3}.Debug|Android.Build.0 = Debug|Any CPU
		{9FCE76A0-9D6B-4057-B16B-83811577C5A3}.Debug|Any CPU.ActiveCfg = Debug|Any CPU
		{9FCE76A0-9D6B-4057-B16B-83811577C5A3}.Debug|Any CPU.Build.0 = Debug|Any CPU
		{9FCE76A0-9D6B-4057-B16B-83811577C5A3}.Debug|iOS.ActiveCfg = Debug|Any CPU
		{9FCE76A0-9D6B-4057-B16B-83811577C5A3}.Debug|iOS.Build.0 = Debug|Any CPU
		{9FCE76A0-9D6B-4057-B16B-83811577C5A3}.Debug|Windows Phone (Universal).ActiveCfg = Debug|Any CPU
		{9FCE76A0-9D6B-4057-B16B-83811577C5A3}.Debug|Windows Phone (Universal).Build.0 = Debug|Any CPU
		{9FCE76A0-9D6B-4057-B16B-83811577C5A3}.Debug|Windows Phone 8.ActiveCfg = Debug|Any CPU
		{9FCE76A0-9D6B-4057-B16B-83811577C5A3}.Debug|Windows Phone 8.Build.0 = Debug|Any CPU
		{9FCE76A0-9D6B-4057-B16B-83811577C5A3}.Debug|Windows-AnyCPU.ActiveCfg = Debug|Any CPU
		{9FCE76A0-9D6B-4057-B16B-83811577C5A3}.Debug|Windows-AnyCPU.Build.0 = Debug|Any CPU
		{9FCE76A0-9D6B-4057-B16B-83811577C5A3}.Debug|Windows-ARM.ActiveCfg = Debug|Any CPU
		{9FCE76A0-9D6B-4057-B16B-83811577C5A3}.Debug|Windows-ARM.Build.0 = Debug|Any CPU
		{9FCE76A0-9D6B-4057-B16B-83811577C5A3}.Debug|Windows-x64.ActiveCfg = Debug|Any CPU
		{9FCE76A0-9D6B-4057-B16B-83811577C5A3}.Debug|Windows-x64.Build.0 = Debug|Any CPU
		{9FCE76A0-9D6B-4057-B16B-83811577C5A3}.Debug|Windows-x86.ActiveCfg = Debug|Any CPU
		{9FCE76A0-9D6B-4057-B16B-83811577C5A3}.Debug|Windows-x86.Build.0 = Debug|Any CPU
		{9FCE76A0-9D6B-4057-B16B-83811577C5A3}.Debug|x86.ActiveCfg = Debug|Any CPU
		{9FCE76A0-9D6B-4057-B16B-83811577C5A3}.Debug|x86.Build.0 = Debug|Any CPU
		{9FCE76A0-9D6B-4057-B16B-83811577C5A3}.Release|Android.ActiveCfg = Release|Any CPU
		{9FCE76A0-9D6B-4057-B16B-83811577C5A3}.Release|Android.Build.0 = Release|Any CPU
		{9FCE76A0-9D6B-4057-B16B-83811577C5A3}.Release|Any CPU.ActiveCfg = Release|Any CPU
		{9FCE76A0-9D6B-4057-B16B-83811577C5A3}.Release|Any CPU.Build.0 = Release|Any CPU
		{9FCE76A0-9D6B-4057-B16B-83811577C5A3}.Release|iOS.ActiveCfg = Release|Any CPU
		{9FCE76A0-9D6B-4057-B16B-83811577C5A3}.Release|iOS.Build.0 = Release|Any CPU
		{9FCE76A0-9D6B-4057-B16B-83811577C5A3}.Release|Windows Phone (Universal).ActiveCfg = Release|Any CPU
		{9FCE76A0-9D6B-4057-B16B-83811577C5A3}.Release|Windows Phone (Universal).Build.0 = Release|Any CPU
		{9FCE76A0-9D6B-4057-B16B-83811577C5A3}.Release|Windows Phone 8.ActiveCfg = Release|Any CPU
		{9FCE76A0-9D6B-4057-B16B-83811577C5A3}.Release|Windows Phone 8.Build.0 = Release|Any CPU
		{9FCE76A0-9D6B-4057-B16B-83811577C5A3}.Release|Windows-AnyCPU.ActiveCfg = Release|Any CPU
		{9FCE76A0-9D6B-4057-B16B-83811577C5A3}.Release|Windows-AnyCPU.Build.0 = Release|Any CPU
		{9FCE76A0-9D6B-4057-B16B-83811577C5A3}.Release|Windows-ARM.ActiveCfg = Release|Any CPU
		{9FCE76A0-9D6B-4057-B16B-83811577C5A3}.Release|Windows-ARM.Build.0 = Release|Any CPU
		{9FCE76A0-9D6B-4057-B16B-83811577C5A3}.Release|Windows-x64.ActiveCfg = Release|Any CPU
		{9FCE76A0-9D6B-4057-B16B-83811577C5A3}.Release|Windows-x64.Build.0 = Release|Any CPU
		{9FCE76A0-9D6B-4057-B16B-83811577C5A3}.Release|Windows-x86.ActiveCfg = Release|Any CPU
		{9FCE76A0-9D6B-4057-B16B-83811577C5A3}.Release|Windows-x86.Build.0 = Release|Any CPU
		{9FCE76A0-9D6B-4057-B16B-83811577C5A3}.Release|x86.ActiveCfg = Release|Any CPU
		{9FCE76A0-9D6B-4057-B16B-83811577C5A3}.Release|x86.Build.0 = Release|Any CPU
		{A7E7A2CC-029F-4751-A4D5-644D8443D32F}.Debug|Android.ActiveCfg = Debug|Any CPU
		{A7E7A2CC-029F-4751-A4D5-644D8443D32F}.Debug|Android.Build.0 = Debug|Any CPU
		{A7E7A2CC-029F-4751-A4D5-644D8443D32F}.Debug|Any CPU.ActiveCfg = Debug|Any CPU
		{A7E7A2CC-029F-4751-A4D5-644D8443D32F}.Debug|Any CPU.Build.0 = Debug|Any CPU
		{A7E7A2CC-029F-4751-A4D5-644D8443D32F}.Debug|iOS.ActiveCfg = Debug|Any CPU
		{A7E7A2CC-029F-4751-A4D5-644D8443D32F}.Debug|iOS.Build.0 = Debug|Any CPU
		{A7E7A2CC-029F-4751-A4D5-644D8443D32F}.Debug|Windows Phone (Universal).ActiveCfg = Debug|Any CPU
		{A7E7A2CC-029F-4751-A4D5-644D8443D32F}.Debug|Windows Phone (Universal).Build.0 = Debug|Any CPU
		{A7E7A2CC-029F-4751-A4D5-644D8443D32F}.Debug|Windows Phone 8.ActiveCfg = Debug|Any CPU
		{A7E7A2CC-029F-4751-A4D5-644D8443D32F}.Debug|Windows Phone 8.Build.0 = Debug|Any CPU
		{A7E7A2CC-029F-4751-A4D5-644D8443D32F}.Debug|Windows-AnyCPU.ActiveCfg = Debug|Any CPU
		{A7E7A2CC-029F-4751-A4D5-644D8443D32F}.Debug|Windows-AnyCPU.Build.0 = Debug|Any CPU
		{A7E7A2CC-029F-4751-A4D5-644D8443D32F}.Debug|Windows-ARM.ActiveCfg = Debug|Any CPU
		{A7E7A2CC-029F-4751-A4D5-644D8443D32F}.Debug|Windows-ARM.Build.0 = Debug|Any CPU
		{A7E7A2CC-029F-4751-A4D5-644D8443D32F}.Debug|Windows-x64.ActiveCfg = Debug|Any CPU
		{A7E7A2CC-029F-4751-A4D5-644D8443D32F}.Debug|Windows-x64.Build.0 = Debug|Any CPU
		{A7E7A2CC-029F-4751-A4D5-644D8443D32F}.Debug|Windows-x86.ActiveCfg = Debug|Any CPU
		{A7E7A2CC-029F-4751-A4D5-644D8443D32F}.Debug|Windows-x86.Build.0 = Debug|Any CPU
		{A7E7A2CC-029F-4751-A4D5-644D8443D32F}.Debug|x86.ActiveCfg = Debug|Any CPU
		{A7E7A2CC-029F-4751-A4D5-644D8443D32F}.Debug|x86.Build.0 = Debug|Any CPU
		{A7E7A2CC-029F-4751-A4D5-644D8443D32F}.Release|Android.ActiveCfg = Release|Any CPU
		{A7E7A2CC-029F-4751-A4D5-644D8443D32F}.Release|Android.Build.0 = Release|Any CPU
		{A7E7A2CC-029F-4751-A4D5-644D8443D32F}.Release|Any CPU.ActiveCfg = Release|Any CPU
		{A7E7A2CC-029F-4751-A4D5-644D8443D32F}.Release|Any CPU.Build.0 = Release|Any CPU
		{A7E7A2CC-029F-4751-A4D5-644D8443D32F}.Release|iOS.ActiveCfg = Release|Any CPU
		{A7E7A2CC-029F-4751-A4D5-644D8443D32F}.Release|iOS.Build.0 = Release|Any CPU
		{A7E7A2CC-029F-4751-A4D5-644D8443D32F}.Release|Windows Phone (Universal).ActiveCfg = Release|Any CPU
		{A7E7A2CC-029F-4751-A4D5-644D8443D32F}.Release|Windows Phone (Universal).Build.0 = Release|Any CPU
		{A7E7A2CC-029F-4751-A4D5-644D8443D32F}.Release|Windows Phone 8.ActiveCfg = Release|Any CPU
		{A7E7A2CC-029F-4751-A4D5-644D8443D32F}.Release|Windows Phone 8.Build.0 = Release|Any CPU
		{A7E7A2CC-029F-4751-A4D5-644D8443D32F}.Release|Windows-AnyCPU.ActiveCfg = Release|Any CPU
		{A7E7A2CC-029F-4751-A4D5-644D8443D32F}.Release|Windows-AnyCPU.Build.0 = Release|Any CPU
		{A7E7A2CC-029F-4751-A4D5-644D8443D32F}.Release|Windows-ARM.ActiveCfg = Release|Any CPU
		{A7E7A2CC-029F-4751-A4D5-644D8443D32F}.Release|Windows-ARM.Build.0 = Release|Any CPU
		{A7E7A2CC-029F-4751-A4D5-644D8443D32F}.Release|Windows-x64.ActiveCfg = Release|Any CPU
		{A7E7A2CC-029F-4751-A4D5-644D8443D32F}.Release|Windows-x64.Build.0 = Release|Any CPU
		{A7E7A2CC-029F-4751-A4D5-644D8443D32F}.Release|Windows-x86.ActiveCfg = Release|Any CPU
		{A7E7A2CC-029F-4751-A4D5-644D8443D32F}.Release|Windows-x86.Build.0 = Release|Any CPU
		{A7E7A2CC-029F-4751-A4D5-644D8443D32F}.Release|x86.ActiveCfg = Release|Any CPU
		{A7E7A2CC-029F-4751-A4D5-644D8443D32F}.Release|x86.Build.0 = Release|Any CPU
		{E6EF3088-BF63-4AA1-A777-3F8215C891AB}.Debug|Android.ActiveCfg = Debug|Any CPU
		{E6EF3088-BF63-4AA1-A777-3F8215C891AB}.Debug|Android.Build.0 = Debug|Any CPU
		{E6EF3088-BF63-4AA1-A777-3F8215C891AB}.Debug|Any CPU.ActiveCfg = Debug|Any CPU
		{E6EF3088-BF63-4AA1-A777-3F8215C891AB}.Debug|Any CPU.Build.0 = Debug|Any CPU
		{E6EF3088-BF63-4AA1-A777-3F8215C891AB}.Debug|iOS.ActiveCfg = Debug|Any CPU
		{E6EF3088-BF63-4AA1-A777-3F8215C891AB}.Debug|iOS.Build.0 = Debug|Any CPU
		{E6EF3088-BF63-4AA1-A777-3F8215C891AB}.Debug|Windows Phone (Universal).ActiveCfg = Debug|Any CPU
		{E6EF3088-BF63-4AA1-A777-3F8215C891AB}.Debug|Windows Phone (Universal).Build.0 = Debug|Any CPU
		{E6EF3088-BF63-4AA1-A777-3F8215C891AB}.Debug|Windows Phone 8.ActiveCfg = Debug|Any CPU
		{E6EF3088-BF63-4AA1-A777-3F8215C891AB}.Debug|Windows Phone 8.Build.0 = Debug|Any CPU
		{E6EF3088-BF63-4AA1-A777-3F8215C891AB}.Debug|Windows-AnyCPU.ActiveCfg = Debug|Any CPU
		{E6EF3088-BF63-4AA1-A777-3F8215C891AB}.Debug|Windows-AnyCPU.Build.0 = Debug|Any CPU
		{E6EF3088-BF63-4AA1-A777-3F8215C891AB}.Debug|Windows-ARM.ActiveCfg = Debug|Any CPU
		{E6EF3088-BF63-4AA1-A777-3F8215C891AB}.Debug|Windows-ARM.Build.0 = Debug|Any CPU
		{E6EF3088-BF63-4AA1-A777-3F8215C891AB}.Debug|Windows-x64.ActiveCfg = Debug|Any CPU
		{E6EF3088-BF63-4AA1-A777-3F8215C891AB}.Debug|Windows-x64.Build.0 = Debug|Any CPU
		{E6EF3088-BF63-4AA1-A777-3F8215C891AB}.Debug|Windows-x86.ActiveCfg = Debug|Any CPU
		{E6EF3088-BF63-4AA1-A777-3F8215C891AB}.Debug|Windows-x86.Build.0 = Debug|Any CPU
		{E6EF3088-BF63-4AA1-A777-3F8215C891AB}.Debug|x86.ActiveCfg = Debug|Any CPU
		{E6EF3088-BF63-4AA1-A777-3F8215C891AB}.Debug|x86.Build.0 = Debug|Any CPU
		{E6EF3088-BF63-4AA1-A777-3F8215C891AB}.Release|Android.ActiveCfg = Release|Any CPU
		{E6EF3088-BF63-4AA1-A777-3F8215C891AB}.Release|Android.Build.0 = Release|Any CPU
		{E6EF3088-BF63-4AA1-A777-3F8215C891AB}.Release|Any CPU.ActiveCfg = Release|Any CPU
		{E6EF3088-BF63-4AA1-A777-3F8215C891AB}.Release|Any CPU.Build.0 = Release|Any CPU
		{E6EF3088-BF63-4AA1-A777-3F8215C891AB}.Release|iOS.ActiveCfg = Release|Any CPU
		{E6EF3088-BF63-4AA1-A777-3F8215C891AB}.Release|iOS.Build.0 = Release|Any CPU
		{E6EF3088-BF63-4AA1-A777-3F8215C891AB}.Release|Windows Phone (Universal).ActiveCfg = Release|Any CPU
		{E6EF3088-BF63-4AA1-A777-3F8215C891AB}.Release|Windows Phone (Universal).Build.0 = Release|Any CPU
		{E6EF3088-BF63-4AA1-A777-3F8215C891AB}.Release|Windows Phone 8.ActiveCfg = Release|Any CPU
		{E6EF3088-BF63-4AA1-A777-3F8215C891AB}.Release|Windows Phone 8.Build.0 = Release|Any CPU
		{E6EF3088-BF63-4AA1-A777-3F8215C891AB}.Release|Windows-AnyCPU.ActiveCfg = Release|Any CPU
		{E6EF3088-BF63-4AA1-A777-3F8215C891AB}.Release|Windows-AnyCPU.Build.0 = Release|Any CPU
		{E6EF3088-BF63-4AA1-A777-3F8215C891AB}.Release|Windows-ARM.ActiveCfg = Release|Any CPU
		{E6EF3088-BF63-4AA1-A777-3F8215C891AB}.Release|Windows-ARM.Build.0 = Release|Any CPU
		{E6EF3088-BF63-4AA1-A777-3F8215C891AB}.Release|Windows-x64.ActiveCfg = Release|Any CPU
		{E6EF3088-BF63-4AA1-A777-3F8215C891AB}.Release|Windows-x64.Build.0 = Release|Any CPU
		{E6EF3088-BF63-4AA1-A777-3F8215C891AB}.Release|Windows-x86.ActiveCfg = Release|Any CPU
		{E6EF3088-BF63-4AA1-A777-3F8215C891AB}.Release|Windows-x86.Build.0 = Release|Any CPU
		{E6EF3088-BF63-4AA1-A777-3F8215C891AB}.Release|x86.ActiveCfg = Release|Any CPU
		{E6EF3088-BF63-4AA1-A777-3F8215C891AB}.Release|x86.Build.0 = Release|Any CPU
		{8780A832-EF97-48ED-87CF-69E801E03DB7}.Debug|Android.ActiveCfg = Debug|Any CPU
		{8780A832-EF97-48ED-87CF-69E801E03DB7}.Debug|Android.Build.0 = Debug|Any CPU
		{8780A832-EF97-48ED-87CF-69E801E03DB7}.Debug|Any CPU.ActiveCfg = Debug|Any CPU
		{8780A832-EF97-48ED-87CF-69E801E03DB7}.Debug|Any CPU.Build.0 = Debug|Any CPU
		{8780A832-EF97-48ED-87CF-69E801E03DB7}.Debug|iOS.ActiveCfg = Debug|Any CPU
		{8780A832-EF97-48ED-87CF-69E801E03DB7}.Debug|iOS.Build.0 = Debug|Any CPU
		{8780A832-EF97-48ED-87CF-69E801E03DB7}.Debug|Windows Phone (Universal).ActiveCfg = Debug|Any CPU
		{8780A832-EF97-48ED-87CF-69E801E03DB7}.Debug|Windows Phone (Universal).Build.0 = Debug|Any CPU
		{8780A832-EF97-48ED-87CF-69E801E03DB7}.Debug|Windows Phone 8.ActiveCfg = Debug|Any CPU
		{8780A832-EF97-48ED-87CF-69E801E03DB7}.Debug|Windows Phone 8.Build.0 = Debug|Any CPU
		{8780A832-EF97-48ED-87CF-69E801E03DB7}.Debug|Windows-AnyCPU.ActiveCfg = Debug|Any CPU
		{8780A832-EF97-48ED-87CF-69E801E03DB7}.Debug|Windows-AnyCPU.Build.0 = Debug|Any CPU
		{8780A832-EF97-48ED-87CF-69E801E03DB7}.Debug|Windows-ARM.ActiveCfg = Debug|Any CPU
		{8780A832-EF97-48ED-87CF-69E801E03DB7}.Debug|Windows-ARM.Build.0 = Debug|Any CPU
		{8780A832-EF97-48ED-87CF-69E801E03DB7}.Debug|Windows-x64.ActiveCfg = Debug|Any CPU
		{8780A832-EF97-48ED-87CF-69E801E03DB7}.Debug|Windows-x64.Build.0 = Debug|Any CPU
		{8780A832-EF97-48ED-87CF-69E801E03DB7}.Debug|Windows-x86.ActiveCfg = Debug|Any CPU
		{8780A832-EF97-48ED-87CF-69E801E03DB7}.Debug|Windows-x86.Build.0 = Debug|Any CPU
		{8780A832-EF97-48ED-87CF-69E801E03DB7}.Debug|x86.ActiveCfg = Debug|Any CPU
		{8780A832-EF97-48ED-87CF-69E801E03DB7}.Debug|x86.Build.0 = Debug|Any CPU
		{8780A832-EF97-48ED-87CF-69E801E03DB7}.Release|Android.ActiveCfg = Release|Any CPU
		{8780A832-EF97-48ED-87CF-69E801E03DB7}.Release|Android.Build.0 = Release|Any CPU
		{8780A832-EF97-48ED-87CF-69E801E03DB7}.Release|Any CPU.ActiveCfg = Release|Any CPU
		{8780A832-EF97-48ED-87CF-69E801E03DB7}.Release|Any CPU.Build.0 = Release|Any CPU
		{8780A832-EF97-48ED-87CF-69E801E03DB7}.Release|iOS.ActiveCfg = Release|Any CPU
		{8780A832-EF97-48ED-87CF-69E801E03DB7}.Release|iOS.Build.0 = Release|Any CPU
		{8780A832-EF97-48ED-87CF-69E801E03DB7}.Release|Windows Phone (Universal).ActiveCfg = Release|Any CPU
		{8780A832-EF97-48ED-87CF-69E801E03DB7}.Release|Windows Phone (Universal).Build.0 = Release|Any CPU
		{8780A832-EF97-48ED-87CF-69E801E03DB7}.Release|Windows Phone 8.ActiveCfg = Release|Any CPU
		{8780A832-EF97-48ED-87CF-69E801E03DB7}.Release|Windows Phone 8.Build.0 = Release|Any CPU
		{8780A832-EF97-48ED-87CF-69E801E03DB7}.Release|Windows-AnyCPU.ActiveCfg = Release|Any CPU
		{8780A832-EF97-48ED-87CF-69E801E03DB7}.Release|Windows-AnyCPU.Build.0 = Release|Any CPU
		{8780A832-EF97-48ED-87CF-69E801E03DB7}.Release|Windows-ARM.ActiveCfg = Release|Any CPU
		{8780A832-EF97-48ED-87CF-69E801E03DB7}.Release|Windows-ARM.Build.0 = Release|Any CPU
		{8780A832-EF97-48ED-87CF-69E801E03DB7}.Release|Windows-x64.ActiveCfg = Release|Any CPU
		{8780A832-EF97-48ED-87CF-69E801E03DB7}.Release|Windows-x64.Build.0 = Release|Any CPU
		{8780A832-EF97-48ED-87CF-69E801E03DB7}.Release|Windows-x86.ActiveCfg = Release|Any CPU
		{8780A832-EF97-48ED-87CF-69E801E03DB7}.Release|Windows-x86.Build.0 = Release|Any CPU
		{8780A832-EF97-48ED-87CF-69E801E03DB7}.Release|x86.ActiveCfg = Release|Any CPU
		{8780A832-EF97-48ED-87CF-69E801E03DB7}.Release|x86.Build.0 = Release|Any CPU
		{EBACD266-19D7-4DB9-9076-B0B3DA5DD60F}.Debug|Android.ActiveCfg = Debug|Any CPU
		{EBACD266-19D7-4DB9-9076-B0B3DA5DD60F}.Debug|Android.Build.0 = Debug|Any CPU
		{EBACD266-19D7-4DB9-9076-B0B3DA5DD60F}.Debug|Any CPU.ActiveCfg = Debug|Any CPU
		{EBACD266-19D7-4DB9-9076-B0B3DA5DD60F}.Debug|Any CPU.Build.0 = Debug|Any CPU
		{EBACD266-19D7-4DB9-9076-B0B3DA5DD60F}.Debug|iOS.ActiveCfg = Debug|Any CPU
		{EBACD266-19D7-4DB9-9076-B0B3DA5DD60F}.Debug|iOS.Build.0 = Debug|Any CPU
		{EBACD266-19D7-4DB9-9076-B0B3DA5DD60F}.Debug|Windows Phone (Universal).ActiveCfg = Debug|Any CPU
		{EBACD266-19D7-4DB9-9076-B0B3DA5DD60F}.Debug|Windows Phone (Universal).Build.0 = Debug|Any CPU
		{EBACD266-19D7-4DB9-9076-B0B3DA5DD60F}.Debug|Windows Phone 8.ActiveCfg = Debug|Any CPU
		{EBACD266-19D7-4DB9-9076-B0B3DA5DD60F}.Debug|Windows Phone 8.Build.0 = Debug|Any CPU
		{EBACD266-19D7-4DB9-9076-B0B3DA5DD60F}.Debug|Windows-AnyCPU.ActiveCfg = Debug|Any CPU
		{EBACD266-19D7-4DB9-9076-B0B3DA5DD60F}.Debug|Windows-AnyCPU.Build.0 = Debug|Any CPU
		{EBACD266-19D7-4DB9-9076-B0B3DA5DD60F}.Debug|Windows-ARM.ActiveCfg = Debug|Any CPU
		{EBACD266-19D7-4DB9-9076-B0B3DA5DD60F}.Debug|Windows-ARM.Build.0 = Debug|Any CPU
		{EBACD266-19D7-4DB9-9076-B0B3DA5DD60F}.Debug|Windows-x64.ActiveCfg = Debug|Any CPU
		{EBACD266-19D7-4DB9-9076-B0B3DA5DD60F}.Debug|Windows-x64.Build.0 = Debug|Any CPU
		{EBACD266-19D7-4DB9-9076-B0B3DA5DD60F}.Debug|Windows-x86.ActiveCfg = Debug|Any CPU
		{EBACD266-19D7-4DB9-9076-B0B3DA5DD60F}.Debug|Windows-x86.Build.0 = Debug|Any CPU
		{EBACD266-19D7-4DB9-9076-B0B3DA5DD60F}.Debug|x86.ActiveCfg = Debug|Any CPU
		{EBACD266-19D7-4DB9-9076-B0B3DA5DD60F}.Debug|x86.Build.0 = Debug|Any CPU
		{EBACD266-19D7-4DB9-9076-B0B3DA5DD60F}.Release|Android.ActiveCfg = Release|Any CPU
		{EBACD266-19D7-4DB9-9076-B0B3DA5DD60F}.Release|Android.Build.0 = Release|Any CPU
		{EBACD266-19D7-4DB9-9076-B0B3DA5DD60F}.Release|Any CPU.ActiveCfg = Release|Any CPU
		{EBACD266-19D7-4DB9-9076-B0B3DA5DD60F}.Release|Any CPU.Build.0 = Release|Any CPU
		{EBACD266-19D7-4DB9-9076-B0B3DA5DD60F}.Release|iOS.ActiveCfg = Release|Any CPU
		{EBACD266-19D7-4DB9-9076-B0B3DA5DD60F}.Release|iOS.Build.0 = Release|Any CPU
		{EBACD266-19D7-4DB9-9076-B0B3DA5DD60F}.Release|Windows Phone (Universal).ActiveCfg = Release|Any CPU
		{EBACD266-19D7-4DB9-9076-B0B3DA5DD60F}.Release|Windows Phone (Universal).Build.0 = Release|Any CPU
		{EBACD266-19D7-4DB9-9076-B0B3DA5DD60F}.Release|Windows Phone 8.ActiveCfg = Release|Any CPU
		{EBACD266-19D7-4DB9-9076-B0B3DA5DD60F}.Release|Windows Phone 8.Build.0 = Release|Any CPU
		{EBACD266-19D7-4DB9-9076-B0B3DA5DD60F}.Release|Windows-AnyCPU.ActiveCfg = Release|Any CPU
		{EBACD266-19D7-4DB9-9076-B0B3DA5DD60F}.Release|Windows-AnyCPU.Build.0 = Release|Any CPU
		{EBACD266-19D7-4DB9-9076-B0B3DA5DD60F}.Release|Windows-ARM.ActiveCfg = Release|Any CPU
		{EBACD266-19D7-4DB9-9076-B0B3DA5DD60F}.Release|Windows-ARM.Build.0 = Release|Any CPU
		{EBACD266-19D7-4DB9-9076-B0B3DA5DD60F}.Release|Windows-x64.ActiveCfg = Release|Any CPU
		{EBACD266-19D7-4DB9-9076-B0B3DA5DD60F}.Release|Windows-x64.Build.0 = Release|Any CPU
		{EBACD266-19D7-4DB9-9076-B0B3DA5DD60F}.Release|Windows-x86.ActiveCfg = Release|Any CPU
		{EBACD266-19D7-4DB9-9076-B0B3DA5DD60F}.Release|Windows-x86.Build.0 = Release|Any CPU
		{EBACD266-19D7-4DB9-9076-B0B3DA5DD60F}.Release|x86.ActiveCfg = Release|Any CPU
		{EBACD266-19D7-4DB9-9076-B0B3DA5DD60F}.Release|x86.Build.0 = Release|Any CPU
		{ADEA37A9-EAB9-47B5-9091-74AE2BAF4A6C}.Debug|Android.ActiveCfg = Debug|Any CPU
		{ADEA37A9-EAB9-47B5-9091-74AE2BAF4A6C}.Debug|Android.Build.0 = Debug|Any CPU
		{ADEA37A9-EAB9-47B5-9091-74AE2BAF4A6C}.Debug|Any CPU.ActiveCfg = Debug|Any CPU
		{ADEA37A9-EAB9-47B5-9091-74AE2BAF4A6C}.Debug|Any CPU.Build.0 = Debug|Any CPU
		{ADEA37A9-EAB9-47B5-9091-74AE2BAF4A6C}.Debug|iOS.ActiveCfg = Debug|Any CPU
		{ADEA37A9-EAB9-47B5-9091-74AE2BAF4A6C}.Debug|iOS.Build.0 = Debug|Any CPU
		{ADEA37A9-EAB9-47B5-9091-74AE2BAF4A6C}.Debug|Windows Phone (Universal).ActiveCfg = Debug|Any CPU
		{ADEA37A9-EAB9-47B5-9091-74AE2BAF4A6C}.Debug|Windows Phone (Universal).Build.0 = Debug|Any CPU
		{ADEA37A9-EAB9-47B5-9091-74AE2BAF4A6C}.Debug|Windows Phone 8.ActiveCfg = Debug|Any CPU
		{ADEA37A9-EAB9-47B5-9091-74AE2BAF4A6C}.Debug|Windows Phone 8.Build.0 = Debug|Any CPU
		{ADEA37A9-EAB9-47B5-9091-74AE2BAF4A6C}.Debug|Windows-AnyCPU.ActiveCfg = Debug|Any CPU
		{ADEA37A9-EAB9-47B5-9091-74AE2BAF4A6C}.Debug|Windows-AnyCPU.Build.0 = Debug|Any CPU
		{ADEA37A9-EAB9-47B5-9091-74AE2BAF4A6C}.Debug|Windows-ARM.ActiveCfg = Debug|Any CPU
		{ADEA37A9-EAB9-47B5-9091-74AE2BAF4A6C}.Debug|Windows-ARM.Build.0 = Debug|Any CPU
		{ADEA37A9-EAB9-47B5-9091-74AE2BAF4A6C}.Debug|Windows-x64.ActiveCfg = Debug|Any CPU
		{ADEA37A9-EAB9-47B5-9091-74AE2BAF4A6C}.Debug|Windows-x64.Build.0 = Debug|Any CPU
		{ADEA37A9-EAB9-47B5-9091-74AE2BAF4A6C}.Debug|Windows-x86.ActiveCfg = Debug|Any CPU
		{ADEA37A9-EAB9-47B5-9091-74AE2BAF4A6C}.Debug|Windows-x86.Build.0 = Debug|Any CPU
		{ADEA37A9-EAB9-47B5-9091-74AE2BAF4A6C}.Debug|x86.ActiveCfg = Debug|Any CPU
		{ADEA37A9-EAB9-47B5-9091-74AE2BAF4A6C}.Debug|x86.Build.0 = Debug|Any CPU
		{ADEA37A9-EAB9-47B5-9091-74AE2BAF4A6C}.Release|Android.ActiveCfg = Release|Any CPU
		{ADEA37A9-EAB9-47B5-9091-74AE2BAF4A6C}.Release|Android.Build.0 = Release|Any CPU
		{ADEA37A9-EAB9-47B5-9091-74AE2BAF4A6C}.Release|Any CPU.ActiveCfg = Release|Any CPU
		{ADEA37A9-EAB9-47B5-9091-74AE2BAF4A6C}.Release|Any CPU.Build.0 = Release|Any CPU
		{ADEA37A9-EAB9-47B5-9091-74AE2BAF4A6C}.Release|iOS.ActiveCfg = Release|Any CPU
		{ADEA37A9-EAB9-47B5-9091-74AE2BAF4A6C}.Release|iOS.Build.0 = Release|Any CPU
		{ADEA37A9-EAB9-47B5-9091-74AE2BAF4A6C}.Release|Windows Phone (Universal).ActiveCfg = Release|Any CPU
		{ADEA37A9-EAB9-47B5-9091-74AE2BAF4A6C}.Release|Windows Phone (Universal).Build.0 = Release|Any CPU
		{ADEA37A9-EAB9-47B5-9091-74AE2BAF4A6C}.Release|Windows Phone 8.ActiveCfg = Release|Any CPU
		{ADEA37A9-EAB9-47B5-9091-74AE2BAF4A6C}.Release|Windows Phone 8.Build.0 = Release|Any CPU
		{ADEA37A9-EAB9-47B5-9091-74AE2BAF4A6C}.Release|Windows-AnyCPU.ActiveCfg = Release|Any CPU
		{ADEA37A9-EAB9-47B5-9091-74AE2BAF4A6C}.Release|Windows-AnyCPU.Build.0 = Release|Any CPU
		{ADEA37A9-EAB9-47B5-9091-74AE2BAF4A6C}.Release|Windows-ARM.ActiveCfg = Release|Any CPU
		{ADEA37A9-EAB9-47B5-9091-74AE2BAF4A6C}.Release|Windows-ARM.Build.0 = Release|Any CPU
		{ADEA37A9-EAB9-47B5-9091-74AE2BAF4A6C}.Release|Windows-x64.ActiveCfg = Release|Any CPU
		{ADEA37A9-EAB9-47B5-9091-74AE2BAF4A6C}.Release|Windows-x64.Build.0 = Release|Any CPU
		{ADEA37A9-EAB9-47B5-9091-74AE2BAF4A6C}.Release|Windows-x86.ActiveCfg = Release|Any CPU
		{ADEA37A9-EAB9-47B5-9091-74AE2BAF4A6C}.Release|Windows-x86.Build.0 = Release|Any CPU
		{ADEA37A9-EAB9-47B5-9091-74AE2BAF4A6C}.Release|x86.ActiveCfg = Release|Any CPU
		{ADEA37A9-EAB9-47B5-9091-74AE2BAF4A6C}.Release|x86.Build.0 = Release|Any CPU
		{C38B01A4-D896-4A01-B782-E319779E9BCC}.Debug|Android.ActiveCfg = Debug|Any CPU
		{C38B01A4-D896-4A01-B782-E319779E9BCC}.Debug|Android.Build.0 = Debug|Any CPU
		{C38B01A4-D896-4A01-B782-E319779E9BCC}.Debug|Any CPU.ActiveCfg = Debug|Any CPU
		{C38B01A4-D896-4A01-B782-E319779E9BCC}.Debug|Any CPU.Build.0 = Debug|Any CPU
		{C38B01A4-D896-4A01-B782-E319779E9BCC}.Debug|iOS.ActiveCfg = Debug|Any CPU
		{C38B01A4-D896-4A01-B782-E319779E9BCC}.Debug|iOS.Build.0 = Debug|Any CPU
		{C38B01A4-D896-4A01-B782-E319779E9BCC}.Debug|Windows Phone (Universal).ActiveCfg = Debug|Any CPU
		{C38B01A4-D896-4A01-B782-E319779E9BCC}.Debug|Windows Phone (Universal).Build.0 = Debug|Any CPU
		{C38B01A4-D896-4A01-B782-E319779E9BCC}.Debug|Windows Phone 8.ActiveCfg = Debug|Any CPU
		{C38B01A4-D896-4A01-B782-E319779E9BCC}.Debug|Windows Phone 8.Build.0 = Debug|Any CPU
		{C38B01A4-D896-4A01-B782-E319779E9BCC}.Debug|Windows-AnyCPU.ActiveCfg = Debug|Any CPU
		{C38B01A4-D896-4A01-B782-E319779E9BCC}.Debug|Windows-AnyCPU.Build.0 = Debug|Any CPU
		{C38B01A4-D896-4A01-B782-E319779E9BCC}.Debug|Windows-ARM.ActiveCfg = Debug|Any CPU
		{C38B01A4-D896-4A01-B782-E319779E9BCC}.Debug|Windows-ARM.Build.0 = Debug|Any CPU
		{C38B01A4-D896-4A01-B782-E319779E9BCC}.Debug|Windows-x64.ActiveCfg = Debug|Any CPU
		{C38B01A4-D896-4A01-B782-E319779E9BCC}.Debug|Windows-x64.Build.0 = Debug|Any CPU
		{C38B01A4-D896-4A01-B782-E319779E9BCC}.Debug|Windows-x86.ActiveCfg = Debug|Any CPU
		{C38B01A4-D896-4A01-B782-E319779E9BCC}.Debug|Windows-x86.Build.0 = Debug|Any CPU
		{C38B01A4-D896-4A01-B782-E319779E9BCC}.Debug|x86.ActiveCfg = Debug|Any CPU
		{C38B01A4-D896-4A01-B782-E319779E9BCC}.Debug|x86.Build.0 = Debug|Any CPU
		{C38B01A4-D896-4A01-B782-E319779E9BCC}.Release|Android.ActiveCfg = Release|Any CPU
		{C38B01A4-D896-4A01-B782-E319779E9BCC}.Release|Android.Build.0 = Release|Any CPU
		{C38B01A4-D896-4A01-B782-E319779E9BCC}.Release|Any CPU.ActiveCfg = Release|Any CPU
		{C38B01A4-D896-4A01-B782-E319779E9BCC}.Release|Any CPU.Build.0 = Release|Any CPU
		{C38B01A4-D896-4A01-B782-E319779E9BCC}.Release|iOS.ActiveCfg = Release|Any CPU
		{C38B01A4-D896-4A01-B782-E319779E9BCC}.Release|iOS.Build.0 = Release|Any CPU
		{C38B01A4-D896-4A01-B782-E319779E9BCC}.Release|Windows Phone (Universal).ActiveCfg = Release|Any CPU
		{C38B01A4-D896-4A01-B782-E319779E9BCC}.Release|Windows Phone (Universal).Build.0 = Release|Any CPU
		{C38B01A4-D896-4A01-B782-E319779E9BCC}.Release|Windows Phone 8.ActiveCfg = Release|Any CPU
		{C38B01A4-D896-4A01-B782-E319779E9BCC}.Release|Windows Phone 8.Build.0 = Release|Any CPU
		{C38B01A4-D896-4A01-B782-E319779E9BCC}.Release|Windows-AnyCPU.ActiveCfg = Release|Any CPU
		{C38B01A4-D896-4A01-B782-E319779E9BCC}.Release|Windows-AnyCPU.Build.0 = Release|Any CPU
		{C38B01A4-D896-4A01-B782-E319779E9BCC}.Release|Windows-ARM.ActiveCfg = Release|Any CPU
		{C38B01A4-D896-4A01-B782-E319779E9BCC}.Release|Windows-ARM.Build.0 = Release|Any CPU
		{C38B01A4-D896-4A01-B782-E319779E9BCC}.Release|Windows-x64.ActiveCfg = Release|Any CPU
		{C38B01A4-D896-4A01-B782-E319779E9BCC}.Release|Windows-x64.Build.0 = Release|Any CPU
		{C38B01A4-D896-4A01-B782-E319779E9BCC}.Release|Windows-x86.ActiveCfg = Release|Any CPU
		{C38B01A4-D896-4A01-B782-E319779E9BCC}.Release|Windows-x86.Build.0 = Release|Any CPU
		{C38B01A4-D896-4A01-B782-E319779E9BCC}.Release|x86.ActiveCfg = Release|Any CPU
		{C38B01A4-D896-4A01-B782-E319779E9BCC}.Release|x86.Build.0 = Release|Any CPU
	EndGlobalSection
	GlobalSection(SolutionProperties) = preSolution
		HideSolutionNode = FALSE
	EndGlobalSection
	GlobalSection(NestedProjects) = preSolution
		{9E5C4DE4-DBDC-4E5D-B001-767D967107A5} = {CE1295C1-B771-459D-A6D7-F41F201F87EE}
		{B0BC4541-F643-4306-B2C1-945192D75FF0} = {CE1295C1-B771-459D-A6D7-F41F201F87EE}
		{C5F80730-F44F-4478-BDAE-6634EFC2CA88} = {1847CA4D-CF18-46CF-A33E-56B8F6BB6841}
		{1426AED9-0470-48AD-B4E7-B9A4921A7A93} = {CE1295C1-B771-459D-A6D7-F41F201F87EE}
		{67F87F7E-696D-496A-ADC9-27BC12FE3E39} = {9E924DD4-346D-430E-9229-8BB49C9CCB6E}
		{397602AE-7A30-475F-8C0D-48B45157D274} = {C81B5B4B-0B23-4F7F-B05D-A62B529450D7}
		{DE5F3135-887C-4B67-B6BD-481CE74918CE} = {63D86327-63D9-44B4-8C47-7FE8B8FCC254}
		{C8A59BA2-54DA-4B43-A03F-07BC58EFE781} = {CE1295C1-B771-459D-A6D7-F41F201F87EE}
		{EBC87DF2-AA45-40C7-B4AA-734D8DFD3E86} = {C81B5B4B-0B23-4F7F-B05D-A62B529450D7}
		{9E924DD4-346D-430E-9229-8BB49C9CCB6E} = {3465B37F-B804-40B7-B56C-D2B65CFE3FEE}
		{9FCE76A0-9D6B-4057-B16B-83811577C5A3} = {9E924DD4-346D-430E-9229-8BB49C9CCB6E}
		{35671386-9A84-40DB-90B0-55496D35EF05} = {3465B37F-B804-40B7-B56C-D2B65CFE3FEE}
		{A7E7A2CC-029F-4751-A4D5-644D8443D32F} = {35671386-9A84-40DB-90B0-55496D35EF05}
		{E6EF3088-BF63-4AA1-A777-3F8215C891AB} = {3465B37F-B804-40B7-B56C-D2B65CFE3FEE}
		{8780A832-EF97-48ED-87CF-69E801E03DB7} = {CE1295C1-B771-459D-A6D7-F41F201F87EE}
		{EBACD266-19D7-4DB9-9076-B0B3DA5DD60F} = {63D86327-63D9-44B4-8C47-7FE8B8FCC254}
		{ADEA37A9-EAB9-47B5-9091-74AE2BAF4A6C} = {3465B37F-B804-40B7-B56C-D2B65CFE3FEE}
		{C38B01A4-D896-4A01-B782-E319779E9BCC} = {63D86327-63D9-44B4-8C47-7FE8B8FCC254}
	EndGlobalSection
	GlobalSection(ExtensibilityGlobals) = postSolution
		SolutionGuid = {B24CE8F6-7AE9-4001-B83E-AFFB66935AF6}
	EndGlobalSection
EndGlobal
