
Microsoft Visual Studio Solution File, Format Version 12.00
# Visual Studio 14
VisualStudioVersion = 14.0.25420.1
MinimumVisualStudioVersion = 10.0.40219.1
Project("{FAE04EC0-301F-11D3-BF4B-00C04F79EFBC}") = "libIntelisisReports", "libIntelisisReports.csproj", "{8780A832-EF97-48ED-87CF-69E801E03DB7}"
EndProject
Project("{FAE04EC0-301F-11D3-BF4B-00C04F79EFBC}") = "PruebasConsola", "..\PruebasConsola\PruebasConsola.csproj", "{BC24848E-9679-4195-8C89-A1133D1EA923}"
EndProject
Global
	GlobalSection(SolutionConfigurationPlatforms) = preSolution
		Debug|Any CPU = Debug|Any CPU
		Release|Any CPU = Release|Any CPU
	EndGlobalSection
	GlobalSection(ProjectConfigurationPlatforms) = postSolution
		{8780A832-EF97-48ED-87CF-69E801E03DB7}.Debug|Any CPU.ActiveCfg = Debug|Any CPU
		{8780A832-EF97-48ED-87CF-69E801E03DB7}.Debug|Any CPU.Build.0 = Debug|Any CPU
		{8780A832-EF97-48ED-87CF-69E801E03DB7}.Release|Any CPU.ActiveCfg = Release|Any CPU
		{8780A832-EF97-48ED-87CF-69E801E03DB7}.Release|Any CPU.Build.0 = Release|Any CPU
		{BC24848E-9679-4195-8C89-A1133D1EA923}.Debug|Any CPU.ActiveCfg = Debug|Any CPU
		{BC24848E-9679-4195-8C89-A1133D1EA923}.Debug|Any CPU.Build.0 = Debug|Any CPU
		{BC24848E-9679-4195-8C89-A1133D1EA923}.Release|Any CPU.ActiveCfg = Release|Any CPU
		{BC24848E-9679-4195-8C89-A1133D1EA923}.Release|Any CPU.Build.0 = Release|Any CPU
	EndGlobalSection
	GlobalSection(SolutionProperties) = preSolution
		HideSolutionNode = FALSE
	EndGlobalSection
EndGlobal
